// !$*UTF8*$!
{
	archiveVersion = 1;
	classes = {
	};
	objectVersion = 56;
	objects = {

/* Begin PBXBuildFile section */
		1E12352E2B8524B10022652F /* ChapterParser.swift in Sources */ = {isa = PBXBuildFile; fileRef = 1E12352D2B8524B10022652F /* ChapterParser.swift */; };
		1E1235402B8534580022652F /* SystemDateTimeType.swift in Sources */ = {isa = PBXBuildFile; fileRef = 1E1235312B8534570022652F /* SystemDateTimeType.swift */; };
		1E1235412B8534580022652F /* StubSystemClock.swift in Sources */ = {isa = PBXBuildFile; fileRef = 1E1235322B8534570022652F /* StubSystemClock.swift */; };
		1E1235422B8534580022652F /* SystemDateTimeCalculatorType.swift in Sources */ = {isa = PBXBuildFile; fileRef = 1E1235332B8534580022652F /* SystemDateTimeCalculatorType.swift */; };
		1E1235432B8534580022652F /* SystemDateTimeInterval.swift in Sources */ = {isa = PBXBuildFile; fileRef = 1E1235342B8534580022652F /* SystemDateTimeInterval.swift */; };
		1E1235442B8534580022652F /* SystemClockType.swift in Sources */ = {isa = PBXBuildFile; fileRef = 1E1235352B8534580022652F /* SystemClockType.swift */; };
		1E1235452B8534580022652F /* SystemDateTimeBuilder.swift in Sources */ = {isa = PBXBuildFile; fileRef = 1E1235362B8534580022652F /* SystemDateTimeBuilder.swift */; };
		1E1235462B8534580022652F /* SystemDateTimeRounderType.swift in Sources */ = {isa = PBXBuildFile; fileRef = 1E1235372B8534580022652F /* SystemDateTimeRounderType.swift */; };
		1E1235472B8534580022652F /* SystemDateTime.swift in Sources */ = {isa = PBXBuildFile; fileRef = 1E1235382B8534580022652F /* SystemDateTime.swift */; };
		1E1235482B8534580022652F /* SystemDateTimeRounder.swift in Sources */ = {isa = PBXBuildFile; fileRef = 1E1235392B8534580022652F /* SystemDateTimeRounder.swift */; };
		1E1235492B8534580022652F /* SystemDateTimeCalculator.swift in Sources */ = {isa = PBXBuildFile; fileRef = 1E12353A2B8534580022652F /* SystemDateTimeCalculator.swift */; };
		1E12354A2B8534580022652F /* SystemClock.swift in Sources */ = {isa = PBXBuildFile; fileRef = 1E12353B2B8534580022652F /* SystemClock.swift */; };
		1E12354B2B8534580022652F /* SystemDateTimeComparator.swift in Sources */ = {isa = PBXBuildFile; fileRef = 1E12353C2B8534580022652F /* SystemDateTimeComparator.swift */; };
		1E12354C2B8534580022652F /* SystemDateTimeBuilderType.swift in Sources */ = {isa = PBXBuildFile; fileRef = 1E12353D2B8534580022652F /* SystemDateTimeBuilderType.swift */; };
		1E12354D2B8534580022652F /* SystemDateTimeIntervalType.swift in Sources */ = {isa = PBXBuildFile; fileRef = 1E12353E2B8534580022652F /* SystemDateTimeIntervalType.swift */; };
		1E12354E2B8534580022652F /* SystemDateTimeComparatorType.swift in Sources */ = {isa = PBXBuildFile; fileRef = 1E12353F2B8534580022652F /* SystemDateTimeComparatorType.swift */; };
		1E1235512B85376A0022652F /* SwiftDate in Frameworks */ = {isa = PBXBuildFile; productRef = 1E1235502B85376A0022652F /* SwiftDate */; };
		1E1235532B853C940022652F /* Date+Helpers.swift in Sources */ = {isa = PBXBuildFile; fileRef = 1E1235522B853C940022652F /* Date+Helpers.swift */; };
		1E1235552B853D0E0022652F /* AppEnvironment.swift in Sources */ = {isa = PBXBuildFile; fileRef = 1E1235542B853D0E0022652F /* AppEnvironment.swift */; };
		1E4EE5762B9A070C0077A54D /* Array+Extension.swift in Sources */ = {isa = PBXBuildFile; fileRef = 1E4EE5752B9A070C0077A54D /* Array+Extension.swift */; };
		1E598D7F2B97772900BDF1B6 /* PageSliderView.swift in Sources */ = {isa = PBXBuildFile; fileRef = 1E598D7E2B97772900BDF1B6 /* PageSliderView.swift */; };
		1E79A4D42B8929D80075C234 /* HttpClient.swift in Sources */ = {isa = PBXBuildFile; fileRef = 1E79A4D32B8929D80075C234 /* HttpClient.swift */; };
		1EA9CD672B925CE9000E3086 /* Alamofire in Frameworks */ = {isa = PBXBuildFile; productRef = 1EA9CD662B925CE9000E3086 /* Alamofire */; };
		1EC8BD282B92789E0017ACF0 /* ManganeloSearchDelegate.swift in Sources */ = {isa = PBXBuildFile; fileRef = 1EC8BD272B92789E0017ACF0 /* ManganeloSearchDelegate.swift */; };
		1EC8BD2A2B92879A0017ACF0 /* MangaSearchType.swift in Sources */ = {isa = PBXBuildFile; fileRef = 1EC8BD292B92879A0017ACF0 /* MangaSearchType.swift */; };
		1EC8BD312B929CDD0017ACF0 /* ManganeloPagesDelegate.swift in Sources */ = {isa = PBXBuildFile; fileRef = 1EC8BD302B929CDD0017ACF0 /* ManganeloPagesDelegate.swift */; };
		1EC8BD332B929D8B0017ACF0 /* ManganeloDetailsDelegate.swift in Sources */ = {isa = PBXBuildFile; fileRef = 1EC8BD322B929D8B0017ACF0 /* ManganeloDetailsDelegate.swift */; };
		1EC8BD352B929D9C0017ACF0 /* ManganeloChaptersDelegate.swift in Sources */ = {isa = PBXBuildFile; fileRef = 1EC8BD342B929D9C0017ACF0 /* ManganeloChaptersDelegate.swift */; };
		1EC8BD402B93AEF20017ACF0 /* MangaRepresentables.swift in Sources */ = {isa = PBXBuildFile; fileRef = 1EC8BD3F2B93AEF20017ACF0 /* MangaRepresentables.swift */; };
		1EC8BD422B93AFBB0017ACF0 /* ChapterRepresentables.swift in Sources */ = {isa = PBXBuildFile; fileRef = 1EC8BD412B93AFBB0017ACF0 /* ChapterRepresentables.swift */; };
		1EC8BD442B93B5AE0017ACF0 /* Error.swift in Sources */ = {isa = PBXBuildFile; fileRef = 1EC8BD432B93B5AE0017ACF0 /* Error.swift */; };
		1EE68A132B896E2D003B9037 /* ChapterReaderView.swift in Sources */ = {isa = PBXBuildFile; fileRef = 1EE68A122B896E2D003B9037 /* ChapterReaderView.swift */; };
		1EE68A212B8C8B6C003B9037 /* Style.swift in Sources */ = {isa = PBXBuildFile; fileRef = 1EE68A202B8C8B6C003B9037 /* Style.swift */; };
		1EE89F492B84C519000CAA20 /* AuthorMO.swift in Sources */ = {isa = PBXBuildFile; fileRef = 1EE89F482B84C519000CAA20 /* AuthorMO.swift */; };
		1EE89F4B2B84C57D000CAA20 /* MangaMO.swift in Sources */ = {isa = PBXBuildFile; fileRef = 1EE89F4A2B84C57D000CAA20 /* MangaMO.swift */; };
		1EE89F4D2B84C585000CAA20 /* ChapterMO.swift in Sources */ = {isa = PBXBuildFile; fileRef = 1EE89F4C2B84C585000CAA20 /* ChapterMO.swift */; };
		1EE89F532B84C59E000CAA20 /* TagMO.swift in Sources */ = {isa = PBXBuildFile; fileRef = 1EE89F522B84C59E000CAA20 /* TagMO.swift */; };
		1EE89F582B84CBBD000CAA20 /* MangaCrud.swift in Sources */ = {isa = PBXBuildFile; fileRef = 1EE89F572B84CBBD000CAA20 /* MangaCrud.swift */; };
		1EE89F5A2B84CDC5000CAA20 /* ChapterCrud.swift in Sources */ = {isa = PBXBuildFile; fileRef = 1EE89F592B84CDC5000CAA20 /* ChapterCrud.swift */; };
		1EE89F602B84D09A000CAA20 /* AuthorCrud.swift in Sources */ = {isa = PBXBuildFile; fileRef = 1EE89F5F2B84D09A000CAA20 /* AuthorCrud.swift */; };
		1EE89F622B84D1A7000CAA20 /* TagCrud.swift in Sources */ = {isa = PBXBuildFile; fileRef = 1EE89F612B84D1A7000CAA20 /* TagCrud.swift */; };
		1EE89F652B84D237000CAA20 /* MangaParser.swift in Sources */ = {isa = PBXBuildFile; fileRef = 1EE89F642B84D237000CAA20 /* MangaParser.swift */; };
		1EE89F672B84D33A000CAA20 /* MangaStatus.swift in Sources */ = {isa = PBXBuildFile; fileRef = 1EE89F662B84D33A000CAA20 /* MangaStatus.swift */; };
		1EE89F6A2B84D87B000CAA20 /* Moc+Extension.swift in Sources */ = {isa = PBXBuildFile; fileRef = 1EE89F692B84D87B000CAA20 /* Moc+Extension.swift */; };
		1EE89F6E2B84DD48000CAA20 /* TagDataModel.swift in Sources */ = {isa = PBXBuildFile; fileRef = 1EE89F6D2B84DD48000CAA20 /* TagDataModel.swift */; };
		1EE89F702B84DD65000CAA20 /* AuthorDataModel.swift in Sources */ = {isa = PBXBuildFile; fileRef = 1EE89F6F2B84DD65000CAA20 /* AuthorDataModel.swift */; };
		1EF20A2F2B8DF9D500D17A65 /* PageDataModel.swift in Sources */ = {isa = PBXBuildFile; fileRef = 1EF20A2E2B8DF9D500D17A65 /* PageDataModel.swift */; };
		1EF20A332B8E928E00D17A65 /* CoverMO.swift in Sources */ = {isa = PBXBuildFile; fileRef = 1EF20A322B8E928E00D17A65 /* CoverMO.swift */; };
		1EF20A352B8E931A00D17A65 /* CoverCrud.swift in Sources */ = {isa = PBXBuildFile; fileRef = 1EF20A342B8E931A00D17A65 /* CoverCrud.swift */; };
		1EF20A372B8EA18D00D17A65 /* ToastView.swift in Sources */ = {isa = PBXBuildFile; fileRef = 1EF20A362B8EA18D00D17A65 /* ToastView.swift */; };
		1EF20A3E2B8ED3C700D17A65 /* Combine+Extension.swift in Sources */ = {isa = PBXBuildFile; fileRef = 1EF20A3D2B8ED3C700D17A65 /* Combine+Extension.swift */; };
		1EF20A4A2B9120F100D17A65 /* SearchDatasource.swift in Sources */ = {isa = PBXBuildFile; fileRef = 1EF20A492B9120F100D17A65 /* SearchDatasource.swift */; };
		1EF20A4C2B91212700D17A65 /* MangadexSearchDelegate.swift in Sources */ = {isa = PBXBuildFile; fileRef = 1EF20A4B2B91212700D17A65 /* MangadexSearchDelegate.swift */; };
		1EF20A4E2B91213600D17A65 /* SearchDelegateType.swift in Sources */ = {isa = PBXBuildFile; fileRef = 1EF20A4D2B91213600D17A65 /* SearchDelegateType.swift */; };
		1EF20A512B912F9300D17A65 /* MangadexDetailsDelegate.swift in Sources */ = {isa = PBXBuildFile; fileRef = 1EF20A502B912F9300D17A65 /* MangadexDetailsDelegate.swift */; };
		1EF20A532B912F9F00D17A65 /* MangadexPagesDelegate.swift in Sources */ = {isa = PBXBuildFile; fileRef = 1EF20A522B912F9F00D17A65 /* MangadexPagesDelegate.swift */; };
		1EF20A552B91305B00D17A65 /* MangadexChaptersDelegate.swift in Sources */ = {isa = PBXBuildFile; fileRef = 1EF20A542B91305B00D17A65 /* MangadexChaptersDelegate.swift */; };
		1EF20A582B91307900D17A65 /* DetailsDelegateType.swift in Sources */ = {isa = PBXBuildFile; fileRef = 1EF20A572B91307900D17A65 /* DetailsDelegateType.swift */; };
		1EF20A5A2B91308100D17A65 /* DetailsDatasource.swift in Sources */ = {isa = PBXBuildFile; fileRef = 1EF20A592B91308100D17A65 /* DetailsDatasource.swift */; };
		1EF20A5D2B91395A00D17A65 /* ChaptersDelegateType.swift in Sources */ = {isa = PBXBuildFile; fileRef = 1EF20A5C2B91395A00D17A65 /* ChaptersDelegateType.swift */; };
		1EF20A5F2B91396300D17A65 /* ChaptersDatasource.swift in Sources */ = {isa = PBXBuildFile; fileRef = 1EF20A5E2B91396300D17A65 /* ChaptersDatasource.swift */; };
		1EF20A622B9141E700D17A65 /* PagesDelegateType.swift in Sources */ = {isa = PBXBuildFile; fileRef = 1EF20A612B9141E700D17A65 /* PagesDelegateType.swift */; };
		1EF20A642B9141F400D17A65 /* PagesDatasource.swift in Sources */ = {isa = PBXBuildFile; fileRef = 1EF20A632B9141F400D17A65 /* PagesDatasource.swift */; };
		1EF20A682B91720800D17A65 /* MangaSource.swift in Sources */ = {isa = PBXBuildFile; fileRef = 1EF20A672B91720800D17A65 /* MangaSource.swift */; };
		1EF20A6E2B91E6F000D17A65 /* ContentView.swift in Sources */ = {isa = PBXBuildFile; fileRef = 1EF20A6D2B91E6F000D17A65 /* ContentView.swift */; };
		1EF20A742B92563800D17A65 /* SwiftSoup in Frameworks */ = {isa = PBXBuildFile; productRef = 1EF20A732B92563800D17A65 /* SwiftSoup */; };
		1EF75B912B972ECE00C8E31D /* SwiftUI+Modifiers.swift in Sources */ = {isa = PBXBuildFile; fileRef = 1EF75B902B972ECE00C8E31D /* SwiftUI+Modifiers.swift */; };
		1EF815F62B82163F00D9759F /* TachiOSmiApp.swift in Sources */ = {isa = PBXBuildFile; fileRef = 1EF815F52B82163F00D9759F /* TachiOSmiApp.swift */; };
		1EF815F82B82163F00D9759F /* MangaSearchView.swift in Sources */ = {isa = PBXBuildFile; fileRef = 1EF815F72B82163F00D9759F /* MangaSearchView.swift */; };
		1EF815FA2B82164300D9759F /* Assets.xcassets in Resources */ = {isa = PBXBuildFile; fileRef = 1EF815F92B82164300D9759F /* Assets.xcassets */; };
		1EF815FF2B82164300D9759F /* Persistence.swift in Sources */ = {isa = PBXBuildFile; fileRef = 1EF815FE2B82164300D9759F /* Persistence.swift */; };
		1EF816022B82164300D9759F /* TachiOSmi.xcdatamodeld in Sources */ = {isa = PBXBuildFile; fileRef = 1EF816002B82164300D9759F /* TachiOSmi.xcdatamodeld */; };
		1EF8160D2B82468100D9759F /* MangaSearchViewModel.swift in Sources */ = {isa = PBXBuildFile; fileRef = 1EF8160C2B82468100D9759F /* MangaSearchViewModel.swift */; };
		1EF816162B82A89B00D9759F /* MangaDetailsViewModel.swift in Sources */ = {isa = PBXBuildFile; fileRef = 1EF816152B82A89B00D9759F /* MangaDetailsViewModel.swift */; };
		1EF816212B83983F00D9759F /* DatasourceState.swift in Sources */ = {isa = PBXBuildFile; fileRef = 1EF816202B83983F00D9759F /* DatasourceState.swift */; };
		1EF8732D2B95B6F7005E59D3 /* CustomBackAction.swift in Sources */ = {isa = PBXBuildFile; fileRef = 1EF8732C2B95B6F7005E59D3 /* CustomBackAction.swift */; };
		D71D2D522BFE9A46000D7E5D /* ChapterEntryView.swift in Sources */ = {isa = PBXBuildFile; fileRef = D71D2D512BFE9A46000D7E5D /* ChapterEntryView.swift */; };
		D7221EAD2B9BD4C400B72F9F /* ReadingDirection.swift in Sources */ = {isa = PBXBuildFile; fileRef = D7221EAC2B9BD4C400B72F9F /* ReadingDirection.swift */; };
		D7221EAF2B9BE22A00B72F9F /* Data+Extensions.swift in Sources */ = {isa = PBXBuildFile; fileRef = D7221EAE2B9BE22A00B72F9F /* Data+Extensions.swift */; };
		D73466352BC1E156009642E1 /* LaunchScreen.storyboard in Resources */ = {isa = PBXBuildFile; fileRef = D73466342BC1E156009642E1 /* LaunchScreen.storyboard */; };
		D74B2F112BFA6DA9001737DC /* Result.swift in Sources */ = {isa = PBXBuildFile; fileRef = D74B2F102BFA6DA9001737DC /* Result.swift */; };
		D74B2F142BFA75E7001737DC /* DataToJsonConverter.swift in Sources */ = {isa = PBXBuildFile; fileRef = D74B2F132BFA75E7001737DC /* DataToJsonConverter.swift */; };
		D74B2F162BFA8D23001737DC /* ShareSheet.swift in Sources */ = {isa = PBXBuildFile; fileRef = D74B2F152BFA8D23001737DC /* ShareSheet.swift */; };
		D74B2F1A2BFBFC6B001737DC /* SwiftUI+Environment.swift in Sources */ = {isa = PBXBuildFile; fileRef = D74B2F192BFBFC6B001737DC /* SwiftUI+Environment.swift */; };
		D74B2F1C2BFC03A1001737DC /* FilePicker.swift in Sources */ = {isa = PBXBuildFile; fileRef = D74B2F1B2BFC03A1001737DC /* FilePicker.swift */; };
		D74B2F1E2BFC0777001737DC /* JsonToDataConverter.swift in Sources */ = {isa = PBXBuildFile; fileRef = D74B2F1D2BFC0777001737DC /* JsonToDataConverter.swift */; };
		D74C8A862BBF00D7001274C4 /* MissingChaptersUseCase.swift in Sources */ = {isa = PBXBuildFile; fileRef = D74C8A852BBF00D7001274C4 /* MissingChaptersUseCase.swift */; };
		D74C8A892BBF0184001274C4 /* SortChaptersUseCase.swift in Sources */ = {isa = PBXBuildFile; fileRef = D74C8A882BBF0184001274C4 /* SortChaptersUseCase.swift */; };
		D74C8A8B2BBF1C08001274C4 /* MangaDetailsView.swift in Sources */ = {isa = PBXBuildFile; fileRef = D74C8A8A2BBF1C08001274C4 /* MangaDetailsView.swift */; };
		D74C8A8D2BC01453001274C4 /* ExpandableTextView.swift in Sources */ = {isa = PBXBuildFile; fileRef = D74C8A8C2BC01453001274C4 /* ExpandableTextView.swift */; };
		D74FDDC02BFA15E900C99DBE /* DatabaseManager.swift in Sources */ = {isa = PBXBuildFile; fileRef = D74FDDBF2BFA15E900C99DBE /* DatabaseManager.swift */; };
		D74FDDC22BFA205E00C99DBE /* PositionObservingView.swift in Sources */ = {isa = PBXBuildFile; fileRef = D74FDDC12BFA205E00C99DBE /* PositionObservingView.swift */; };
		D74FDDC42BFA217E00C99DBE /* PositionObservingScrollView.swift in Sources */ = {isa = PBXBuildFile; fileRef = D74FDDC32BFA217E00C99DBE /* PositionObservingScrollView.swift */; };
		D7600FBE2BB4DFBE0044C130 /* PageView.swift in Sources */ = {isa = PBXBuildFile; fileRef = D7600FBD2BB4DFBE0044C130 /* PageView.swift */; };
		D773542B2BF68A7600871FE5 /* RefreshLibraryUseCase.swift in Sources */ = {isa = PBXBuildFile; fileRef = D773542A2BF68A7600871FE5 /* RefreshLibraryUseCase.swift */; };
		D773542E2BF699DF00871FE5 /* MangaLibraryProvider.swift in Sources */ = {isa = PBXBuildFile; fileRef = D773542D2BF699DF00871FE5 /* MangaLibraryProvider.swift */; };
		D77354302BF6A38900871FE5 /* ColorScheme+Color.swift in Sources */ = {isa = PBXBuildFile; fileRef = D773542F2BF6A38900871FE5 /* ColorScheme+Color.swift */; };
		D77354322BF6A49600871FE5 /* MangaSearchProvider.swift in Sources */ = {isa = PBXBuildFile; fileRef = D77354312BF6A49600871FE5 /* MangaSearchProvider.swift */; };
		D77354342BF6B08E00871FE5 /* MangaUpdatesProvider.swift in Sources */ = {isa = PBXBuildFile; fileRef = D77354332BF6B08E00871FE5 /* MangaUpdatesProvider.swift */; };
		D77354372BF6B12100871FE5 /* Formatter.swift in Sources */ = {isa = PBXBuildFile; fileRef = D77354362BF6B12100871FE5 /* Formatter.swift */; };
		D77354392BF6C52900871FE5 /* MangaChaptersProvider.swift in Sources */ = {isa = PBXBuildFile; fileRef = D77354382BF6C52900871FE5 /* MangaChaptersProvider.swift */; };
		D773543B2BF6CF8800871FE5 /* MangaDetailsProvider.swift in Sources */ = {isa = PBXBuildFile; fileRef = D773543A2BF6CF8800871FE5 /* MangaDetailsProvider.swift */; };
		D773543F2BF6EAD000871FE5 /* NavigatorType.swift in Sources */ = {isa = PBXBuildFile; fileRef = D773543E2BF6EAD000871FE5 /* NavigatorType.swift */; };
		D77354412BF6EAEA00871FE5 /* MangaDetailsNavigator.swift in Sources */ = {isa = PBXBuildFile; fileRef = D77354402BF6EAEA00871FE5 /* MangaDetailsNavigator.swift */; };
		D77354432BF6ECB500871FE5 /* MangaReaderNavigator.swift in Sources */ = {isa = PBXBuildFile; fileRef = D77354422BF6ECB500871FE5 /* MangaReaderNavigator.swift */; };
		D77354452BF6ED3100871FE5 /* MangaSearchNavigator.swift in Sources */ = {isa = PBXBuildFile; fileRef = D77354442BF6ED3100871FE5 /* MangaSearchNavigator.swift */; };
		D77354492BF76BE200871FE5 /* AppOptionsView.swift in Sources */ = {isa = PBXBuildFile; fileRef = D77354482BF76BE200871FE5 /* AppOptionsView.swift */; };
		D7736CBE2BBC7CD40081AE98 /* ChapterReaderViewModel.swift in Sources */ = {isa = PBXBuildFile; fileRef = D7736CBD2BBC7CD40081AE98 /* ChapterReaderViewModel.swift */; };
		D7736CC12BBC8B2B0081AE98 /* TransitionPageView.swift in Sources */ = {isa = PBXBuildFile; fileRef = D7736CC02BBC8B2B0081AE98 /* TransitionPageView.swift */; };
		D773B2242BD8681A002CF3AE /* MangaUpdatesViewModel.swift in Sources */ = {isa = PBXBuildFile; fileRef = D773B2232BD8681A002CF3AE /* MangaUpdatesViewModel.swift */; };
		D79382772BD67DD10096ECF7 /* MangaUpdatesView.swift in Sources */ = {isa = PBXBuildFile; fileRef = D79382762BD67DD10096ECF7 /* MangaUpdatesView.swift */; };
		D7A474262BFCE66C004C2970 /* KeyValueManagerType.swift in Sources */ = {isa = PBXBuildFile; fileRef = D7A474252BFCE66C004C2970 /* KeyValueManagerType.swift */; };
		D7A474292BFCE6CC004C2970 /* UserDefaultsManager.swift in Sources */ = {isa = PBXBuildFile; fileRef = D7A474282BFCE6CC004C2970 /* UserDefaultsManager.swift */; };
		D7A4742B2BFCE7B1004C2970 /* InMemoryKeyValueManager.swift in Sources */ = {isa = PBXBuildFile; fileRef = D7A4742A2BFCE7B1004C2970 /* InMemoryKeyValueManager.swift */; };
		D7A6F9D92C05D22C00AB2281 /* Router.swift in Sources */ = {isa = PBXBuildFile; fileRef = D7A6F9D82C05D22C00AB2281 /* Router.swift */; };
		D7A6F9DB2C05E8F500AB2281 /* MockSearchDelegate.swift in Sources */ = {isa = PBXBuildFile; fileRef = D7A6F9DA2C05E8F500AB2281 /* MockSearchDelegate.swift */; };
		D7A6F9DD2C05E9DA00AB2281 /* MockChaptersDelegate.swift in Sources */ = {isa = PBXBuildFile; fileRef = D7A6F9DC2C05E9DA00AB2281 /* MockChaptersDelegate.swift */; };
		D7A6F9DF2C05EA5000AB2281 /* MockDetailsDelegate.swift in Sources */ = {isa = PBXBuildFile; fileRef = D7A6F9DE2C05EA5000AB2281 /* MockDetailsDelegate.swift */; };
		D7ADA19B2BA066B500A2DB4D /* MangaLibraryView.swift in Sources */ = {isa = PBXBuildFile; fileRef = D7ADA19A2BA066B500A2DB4D /* MangaLibraryView.swift */; };
		D7ADA19D2BA0697E00A2DB4D /* MangaSourcesView.swift in Sources */ = {isa = PBXBuildFile; fileRef = D7ADA19C2BA0697E00A2DB4D /* MangaSourcesView.swift */; };
		D7ADA19F2BA0699E00A2DB4D /* MangaSourcesViewModel.swift in Sources */ = {isa = PBXBuildFile; fileRef = D7ADA19E2BA0699E00A2DB4D /* MangaSourcesViewModel.swift */; };
		D7CA25572BBBFBDE00237F1D /* ZoomableImageView.swift in Sources */ = {isa = PBXBuildFile; fileRef = D7CA25562BBBFBDE00237F1D /* ZoomableImageView.swift */; };
		D7F7F53E2BF8BEE2004CD67E /* ValuePicker.swift in Sources */ = {isa = PBXBuildFile; fileRef = D7F7F53D2BF8BEE2004CD67E /* ValuePicker.swift */; };
		D7F7F5402BF8EE34004CD67E /* ThemePalette.swift in Sources */ = {isa = PBXBuildFile; fileRef = D7F7F53F2BF8EE34004CD67E /* ThemePalette.swift */; };
		D7F7F5422BF8EE5F004CD67E /* AppOptionsViewModel.swift in Sources */ = {isa = PBXBuildFile; fileRef = D7F7F5412BF8EE5F004CD67E /* AppOptionsViewModel.swift */; };
		D7F7F5452BF8F001004CD67E /* IconSource.swift in Sources */ = {isa = PBXBuildFile; fileRef = D7F7F5442BF8F001004CD67E /* IconSource.swift */; };
		D7F7F5482BF901F5004CD67E /* AppOptionsStore.swift in Sources */ = {isa = PBXBuildFile; fileRef = D7F7F5472BF901F5004CD67E /* AppOptionsStore.swift */; };
		D7F7F54A2BF9031C004CD67E /* KVMProperty.swift in Sources */ = {isa = PBXBuildFile; fileRef = D7F7F5492BF9031C004CD67E /* KVMProperty.swift */; };
/* End PBXBuildFile section */

/* Begin PBXFileReference section */
		1E12352D2B8524B10022652F /* ChapterParser.swift */ = {isa = PBXFileReference; lastKnownFileType = sourcecode.swift; path = ChapterParser.swift; sourceTree = "<group>"; };
		1E1235312B8534570022652F /* SystemDateTimeType.swift */ = {isa = PBXFileReference; fileEncoding = 4; lastKnownFileType = sourcecode.swift; path = SystemDateTimeType.swift; sourceTree = "<group>"; };
		1E1235322B8534570022652F /* StubSystemClock.swift */ = {isa = PBXFileReference; fileEncoding = 4; lastKnownFileType = sourcecode.swift; path = StubSystemClock.swift; sourceTree = "<group>"; };
		1E1235332B8534580022652F /* SystemDateTimeCalculatorType.swift */ = {isa = PBXFileReference; fileEncoding = 4; lastKnownFileType = sourcecode.swift; path = SystemDateTimeCalculatorType.swift; sourceTree = "<group>"; };
		1E1235342B8534580022652F /* SystemDateTimeInterval.swift */ = {isa = PBXFileReference; fileEncoding = 4; lastKnownFileType = sourcecode.swift; path = SystemDateTimeInterval.swift; sourceTree = "<group>"; };
		1E1235352B8534580022652F /* SystemClockType.swift */ = {isa = PBXFileReference; fileEncoding = 4; lastKnownFileType = sourcecode.swift; path = SystemClockType.swift; sourceTree = "<group>"; };
		1E1235362B8534580022652F /* SystemDateTimeBuilder.swift */ = {isa = PBXFileReference; fileEncoding = 4; lastKnownFileType = sourcecode.swift; path = SystemDateTimeBuilder.swift; sourceTree = "<group>"; };
		1E1235372B8534580022652F /* SystemDateTimeRounderType.swift */ = {isa = PBXFileReference; fileEncoding = 4; lastKnownFileType = sourcecode.swift; path = SystemDateTimeRounderType.swift; sourceTree = "<group>"; };
		1E1235382B8534580022652F /* SystemDateTime.swift */ = {isa = PBXFileReference; fileEncoding = 4; lastKnownFileType = sourcecode.swift; path = SystemDateTime.swift; sourceTree = "<group>"; };
		1E1235392B8534580022652F /* SystemDateTimeRounder.swift */ = {isa = PBXFileReference; fileEncoding = 4; lastKnownFileType = sourcecode.swift; path = SystemDateTimeRounder.swift; sourceTree = "<group>"; };
		1E12353A2B8534580022652F /* SystemDateTimeCalculator.swift */ = {isa = PBXFileReference; fileEncoding = 4; lastKnownFileType = sourcecode.swift; path = SystemDateTimeCalculator.swift; sourceTree = "<group>"; };
		1E12353B2B8534580022652F /* SystemClock.swift */ = {isa = PBXFileReference; fileEncoding = 4; lastKnownFileType = sourcecode.swift; path = SystemClock.swift; sourceTree = "<group>"; };
		1E12353C2B8534580022652F /* SystemDateTimeComparator.swift */ = {isa = PBXFileReference; fileEncoding = 4; lastKnownFileType = sourcecode.swift; path = SystemDateTimeComparator.swift; sourceTree = "<group>"; };
		1E12353D2B8534580022652F /* SystemDateTimeBuilderType.swift */ = {isa = PBXFileReference; fileEncoding = 4; lastKnownFileType = sourcecode.swift; path = SystemDateTimeBuilderType.swift; sourceTree = "<group>"; };
		1E12353E2B8534580022652F /* SystemDateTimeIntervalType.swift */ = {isa = PBXFileReference; fileEncoding = 4; lastKnownFileType = sourcecode.swift; path = SystemDateTimeIntervalType.swift; sourceTree = "<group>"; };
		1E12353F2B8534580022652F /* SystemDateTimeComparatorType.swift */ = {isa = PBXFileReference; fileEncoding = 4; lastKnownFileType = sourcecode.swift; path = SystemDateTimeComparatorType.swift; sourceTree = "<group>"; };
		1E1235522B853C940022652F /* Date+Helpers.swift */ = {isa = PBXFileReference; fileEncoding = 4; lastKnownFileType = sourcecode.swift; path = "Date+Helpers.swift"; sourceTree = "<group>"; };
		1E1235542B853D0E0022652F /* AppEnvironment.swift */ = {isa = PBXFileReference; lastKnownFileType = sourcecode.swift; path = AppEnvironment.swift; sourceTree = "<group>"; };
		1E4EE5752B9A070C0077A54D /* Array+Extension.swift */ = {isa = PBXFileReference; lastKnownFileType = sourcecode.swift; path = "Array+Extension.swift"; sourceTree = "<group>"; };
		1E598D7E2B97772900BDF1B6 /* PageSliderView.swift */ = {isa = PBXFileReference; lastKnownFileType = sourcecode.swift; path = PageSliderView.swift; sourceTree = "<group>"; };
		1E79A4D32B8929D80075C234 /* HttpClient.swift */ = {isa = PBXFileReference; lastKnownFileType = sourcecode.swift; path = HttpClient.swift; sourceTree = "<group>"; };
		1EC8BD272B92789E0017ACF0 /* ManganeloSearchDelegate.swift */ = {isa = PBXFileReference; lastKnownFileType = sourcecode.swift; path = ManganeloSearchDelegate.swift; sourceTree = "<group>"; };
		1EC8BD292B92879A0017ACF0 /* MangaSearchType.swift */ = {isa = PBXFileReference; lastKnownFileType = sourcecode.swift; path = MangaSearchType.swift; sourceTree = "<group>"; };
		1EC8BD302B929CDD0017ACF0 /* ManganeloPagesDelegate.swift */ = {isa = PBXFileReference; lastKnownFileType = sourcecode.swift; path = ManganeloPagesDelegate.swift; sourceTree = "<group>"; };
		1EC8BD322B929D8B0017ACF0 /* ManganeloDetailsDelegate.swift */ = {isa = PBXFileReference; lastKnownFileType = sourcecode.swift; path = ManganeloDetailsDelegate.swift; sourceTree = "<group>"; };
		1EC8BD342B929D9C0017ACF0 /* ManganeloChaptersDelegate.swift */ = {isa = PBXFileReference; lastKnownFileType = sourcecode.swift; path = ManganeloChaptersDelegate.swift; sourceTree = "<group>"; };
		1EC8BD3F2B93AEF20017ACF0 /* MangaRepresentables.swift */ = {isa = PBXFileReference; lastKnownFileType = sourcecode.swift; path = MangaRepresentables.swift; sourceTree = "<group>"; };
		1EC8BD412B93AFBB0017ACF0 /* ChapterRepresentables.swift */ = {isa = PBXFileReference; lastKnownFileType = sourcecode.swift; path = ChapterRepresentables.swift; sourceTree = "<group>"; };
		1EC8BD432B93B5AE0017ACF0 /* Error.swift */ = {isa = PBXFileReference; lastKnownFileType = sourcecode.swift; path = Error.swift; sourceTree = "<group>"; };
		1EE68A122B896E2D003B9037 /* ChapterReaderView.swift */ = {isa = PBXFileReference; lastKnownFileType = sourcecode.swift; path = ChapterReaderView.swift; sourceTree = "<group>"; };
		1EE68A202B8C8B6C003B9037 /* Style.swift */ = {isa = PBXFileReference; lastKnownFileType = sourcecode.swift; path = Style.swift; sourceTree = "<group>"; };
		1EE89F482B84C519000CAA20 /* AuthorMO.swift */ = {isa = PBXFileReference; lastKnownFileType = sourcecode.swift; path = AuthorMO.swift; sourceTree = "<group>"; };
		1EE89F4A2B84C57D000CAA20 /* MangaMO.swift */ = {isa = PBXFileReference; lastKnownFileType = sourcecode.swift; path = MangaMO.swift; sourceTree = "<group>"; };
		1EE89F4C2B84C585000CAA20 /* ChapterMO.swift */ = {isa = PBXFileReference; lastKnownFileType = sourcecode.swift; path = ChapterMO.swift; sourceTree = "<group>"; };
		1EE89F522B84C59E000CAA20 /* TagMO.swift */ = {isa = PBXFileReference; lastKnownFileType = sourcecode.swift; path = TagMO.swift; sourceTree = "<group>"; };
		1EE89F572B84CBBD000CAA20 /* MangaCrud.swift */ = {isa = PBXFileReference; lastKnownFileType = sourcecode.swift; path = MangaCrud.swift; sourceTree = "<group>"; };
		1EE89F592B84CDC5000CAA20 /* ChapterCrud.swift */ = {isa = PBXFileReference; lastKnownFileType = sourcecode.swift; path = ChapterCrud.swift; sourceTree = "<group>"; };
		1EE89F5F2B84D09A000CAA20 /* AuthorCrud.swift */ = {isa = PBXFileReference; lastKnownFileType = sourcecode.swift; path = AuthorCrud.swift; sourceTree = "<group>"; };
		1EE89F612B84D1A7000CAA20 /* TagCrud.swift */ = {isa = PBXFileReference; lastKnownFileType = sourcecode.swift; path = TagCrud.swift; sourceTree = "<group>"; };
		1EE89F642B84D237000CAA20 /* MangaParser.swift */ = {isa = PBXFileReference; lastKnownFileType = sourcecode.swift; path = MangaParser.swift; sourceTree = "<group>"; };
		1EE89F662B84D33A000CAA20 /* MangaStatus.swift */ = {isa = PBXFileReference; lastKnownFileType = sourcecode.swift; path = MangaStatus.swift; sourceTree = "<group>"; };
		1EE89F692B84D87B000CAA20 /* Moc+Extension.swift */ = {isa = PBXFileReference; lastKnownFileType = sourcecode.swift; path = "Moc+Extension.swift"; sourceTree = "<group>"; };
		1EE89F6D2B84DD48000CAA20 /* TagDataModel.swift */ = {isa = PBXFileReference; lastKnownFileType = sourcecode.swift; path = TagDataModel.swift; sourceTree = "<group>"; };
		1EE89F6F2B84DD65000CAA20 /* AuthorDataModel.swift */ = {isa = PBXFileReference; lastKnownFileType = sourcecode.swift; path = AuthorDataModel.swift; sourceTree = "<group>"; };
		1EF20A2E2B8DF9D500D17A65 /* PageDataModel.swift */ = {isa = PBXFileReference; lastKnownFileType = sourcecode.swift; path = PageDataModel.swift; sourceTree = "<group>"; };
		1EF20A322B8E928E00D17A65 /* CoverMO.swift */ = {isa = PBXFileReference; lastKnownFileType = sourcecode.swift; path = CoverMO.swift; sourceTree = "<group>"; };
		1EF20A342B8E931A00D17A65 /* CoverCrud.swift */ = {isa = PBXFileReference; lastKnownFileType = sourcecode.swift; path = CoverCrud.swift; sourceTree = "<group>"; };
		1EF20A362B8EA18D00D17A65 /* ToastView.swift */ = {isa = PBXFileReference; lastKnownFileType = sourcecode.swift; path = ToastView.swift; sourceTree = "<group>"; };
		1EF20A3D2B8ED3C700D17A65 /* Combine+Extension.swift */ = {isa = PBXFileReference; lastKnownFileType = sourcecode.swift; path = "Combine+Extension.swift"; sourceTree = "<group>"; };
		1EF20A492B9120F100D17A65 /* SearchDatasource.swift */ = {isa = PBXFileReference; lastKnownFileType = sourcecode.swift; path = SearchDatasource.swift; sourceTree = "<group>"; };
		1EF20A4B2B91212700D17A65 /* MangadexSearchDelegate.swift */ = {isa = PBXFileReference; lastKnownFileType = sourcecode.swift; path = MangadexSearchDelegate.swift; sourceTree = "<group>"; };
		1EF20A4D2B91213600D17A65 /* SearchDelegateType.swift */ = {isa = PBXFileReference; lastKnownFileType = sourcecode.swift; path = SearchDelegateType.swift; sourceTree = "<group>"; };
		1EF20A502B912F9300D17A65 /* MangadexDetailsDelegate.swift */ = {isa = PBXFileReference; lastKnownFileType = sourcecode.swift; path = MangadexDetailsDelegate.swift; sourceTree = "<group>"; };
		1EF20A522B912F9F00D17A65 /* MangadexPagesDelegate.swift */ = {isa = PBXFileReference; lastKnownFileType = sourcecode.swift; path = MangadexPagesDelegate.swift; sourceTree = "<group>"; };
		1EF20A542B91305B00D17A65 /* MangadexChaptersDelegate.swift */ = {isa = PBXFileReference; lastKnownFileType = sourcecode.swift; path = MangadexChaptersDelegate.swift; sourceTree = "<group>"; };
		1EF20A572B91307900D17A65 /* DetailsDelegateType.swift */ = {isa = PBXFileReference; lastKnownFileType = sourcecode.swift; path = DetailsDelegateType.swift; sourceTree = "<group>"; };
		1EF20A592B91308100D17A65 /* DetailsDatasource.swift */ = {isa = PBXFileReference; lastKnownFileType = sourcecode.swift; path = DetailsDatasource.swift; sourceTree = "<group>"; };
		1EF20A5C2B91395A00D17A65 /* ChaptersDelegateType.swift */ = {isa = PBXFileReference; lastKnownFileType = sourcecode.swift; path = ChaptersDelegateType.swift; sourceTree = "<group>"; };
		1EF20A5E2B91396300D17A65 /* ChaptersDatasource.swift */ = {isa = PBXFileReference; lastKnownFileType = sourcecode.swift; path = ChaptersDatasource.swift; sourceTree = "<group>"; };
		1EF20A612B9141E700D17A65 /* PagesDelegateType.swift */ = {isa = PBXFileReference; lastKnownFileType = sourcecode.swift; path = PagesDelegateType.swift; sourceTree = "<group>"; };
		1EF20A632B9141F400D17A65 /* PagesDatasource.swift */ = {isa = PBXFileReference; lastKnownFileType = sourcecode.swift; path = PagesDatasource.swift; sourceTree = "<group>"; };
		1EF20A672B91720800D17A65 /* MangaSource.swift */ = {isa = PBXFileReference; lastKnownFileType = sourcecode.swift; path = MangaSource.swift; sourceTree = "<group>"; };
		1EF20A6D2B91E6F000D17A65 /* ContentView.swift */ = {isa = PBXFileReference; lastKnownFileType = sourcecode.swift; path = ContentView.swift; sourceTree = "<group>"; };
		1EF75B902B972ECE00C8E31D /* SwiftUI+Modifiers.swift */ = {isa = PBXFileReference; lastKnownFileType = sourcecode.swift; path = "SwiftUI+Modifiers.swift"; sourceTree = "<group>"; };
		1EF815F22B82163F00D9759F /* TachiOSmi.app */ = {isa = PBXFileReference; explicitFileType = wrapper.application; includeInIndex = 0; path = TachiOSmi.app; sourceTree = BUILT_PRODUCTS_DIR; };
		1EF815F52B82163F00D9759F /* TachiOSmiApp.swift */ = {isa = PBXFileReference; lastKnownFileType = sourcecode.swift; path = TachiOSmiApp.swift; sourceTree = "<group>"; };
		1EF815F72B82163F00D9759F /* MangaSearchView.swift */ = {isa = PBXFileReference; lastKnownFileType = sourcecode.swift; path = MangaSearchView.swift; sourceTree = "<group>"; };
		1EF815F92B82164300D9759F /* Assets.xcassets */ = {isa = PBXFileReference; lastKnownFileType = folder.assetcatalog; path = Assets.xcassets; sourceTree = "<group>"; };
		1EF815FE2B82164300D9759F /* Persistence.swift */ = {isa = PBXFileReference; lastKnownFileType = sourcecode.swift; path = Persistence.swift; sourceTree = "<group>"; };
		1EF816012B82164300D9759F /* TachiOSmi.xcdatamodel */ = {isa = PBXFileReference; lastKnownFileType = wrapper.xcdatamodel; path = TachiOSmi.xcdatamodel; sourceTree = "<group>"; };
		1EF8160C2B82468100D9759F /* MangaSearchViewModel.swift */ = {isa = PBXFileReference; lastKnownFileType = sourcecode.swift; path = MangaSearchViewModel.swift; sourceTree = "<group>"; };
		1EF816152B82A89B00D9759F /* MangaDetailsViewModel.swift */ = {isa = PBXFileReference; lastKnownFileType = sourcecode.swift; path = MangaDetailsViewModel.swift; sourceTree = "<group>"; };
		1EF816202B83983F00D9759F /* DatasourceState.swift */ = {isa = PBXFileReference; lastKnownFileType = sourcecode.swift; path = DatasourceState.swift; sourceTree = "<group>"; };
		1EF8732C2B95B6F7005E59D3 /* CustomBackAction.swift */ = {isa = PBXFileReference; lastKnownFileType = sourcecode.swift; path = CustomBackAction.swift; sourceTree = "<group>"; };
		D71D2D512BFE9A46000D7E5D /* ChapterEntryView.swift */ = {isa = PBXFileReference; lastKnownFileType = sourcecode.swift; path = ChapterEntryView.swift; sourceTree = "<group>"; };
		D7221EAC2B9BD4C400B72F9F /* ReadingDirection.swift */ = {isa = PBXFileReference; lastKnownFileType = sourcecode.swift; path = ReadingDirection.swift; sourceTree = "<group>"; };
		D7221EAE2B9BE22A00B72F9F /* Data+Extensions.swift */ = {isa = PBXFileReference; lastKnownFileType = sourcecode.swift; path = "Data+Extensions.swift"; sourceTree = "<group>"; };
		D73466342BC1E156009642E1 /* LaunchScreen.storyboard */ = {isa = PBXFileReference; lastKnownFileType = file.storyboard; path = LaunchScreen.storyboard; sourceTree = "<group>"; };
		D74B2F102BFA6DA9001737DC /* Result.swift */ = {isa = PBXFileReference; lastKnownFileType = sourcecode.swift; path = Result.swift; sourceTree = "<group>"; };
		D74B2F132BFA75E7001737DC /* DataToJsonConverter.swift */ = {isa = PBXFileReference; lastKnownFileType = sourcecode.swift; path = DataToJsonConverter.swift; sourceTree = "<group>"; };
		D74B2F152BFA8D23001737DC /* ShareSheet.swift */ = {isa = PBXFileReference; lastKnownFileType = sourcecode.swift; path = ShareSheet.swift; sourceTree = "<group>"; };
		D74B2F192BFBFC6B001737DC /* SwiftUI+Environment.swift */ = {isa = PBXFileReference; lastKnownFileType = sourcecode.swift; path = "SwiftUI+Environment.swift"; sourceTree = "<group>"; };
		D74B2F1B2BFC03A1001737DC /* FilePicker.swift */ = {isa = PBXFileReference; lastKnownFileType = sourcecode.swift; path = FilePicker.swift; sourceTree = "<group>"; };
		D74B2F1D2BFC0777001737DC /* JsonToDataConverter.swift */ = {isa = PBXFileReference; lastKnownFileType = sourcecode.swift; path = JsonToDataConverter.swift; sourceTree = "<group>"; };
		D74C8A852BBF00D7001274C4 /* MissingChaptersUseCase.swift */ = {isa = PBXFileReference; lastKnownFileType = sourcecode.swift; path = MissingChaptersUseCase.swift; sourceTree = "<group>"; };
		D74C8A882BBF0184001274C4 /* SortChaptersUseCase.swift */ = {isa = PBXFileReference; lastKnownFileType = sourcecode.swift; path = SortChaptersUseCase.swift; sourceTree = "<group>"; };
		D74C8A8A2BBF1C08001274C4 /* MangaDetailsView.swift */ = {isa = PBXFileReference; lastKnownFileType = sourcecode.swift; path = MangaDetailsView.swift; sourceTree = "<group>"; };
		D74C8A8C2BC01453001274C4 /* ExpandableTextView.swift */ = {isa = PBXFileReference; lastKnownFileType = sourcecode.swift; path = ExpandableTextView.swift; sourceTree = "<group>"; };
		D74FDDBF2BFA15E900C99DBE /* DatabaseManager.swift */ = {isa = PBXFileReference; lastKnownFileType = sourcecode.swift; path = DatabaseManager.swift; sourceTree = "<group>"; };
		D74FDDC12BFA205E00C99DBE /* PositionObservingView.swift */ = {isa = PBXFileReference; lastKnownFileType = sourcecode.swift; path = PositionObservingView.swift; sourceTree = "<group>"; };
		D74FDDC32BFA217E00C99DBE /* PositionObservingScrollView.swift */ = {isa = PBXFileReference; lastKnownFileType = sourcecode.swift; path = PositionObservingScrollView.swift; sourceTree = "<group>"; };
		D7600FBD2BB4DFBE0044C130 /* PageView.swift */ = {isa = PBXFileReference; lastKnownFileType = sourcecode.swift; path = PageView.swift; sourceTree = "<group>"; };
		D773542A2BF68A7600871FE5 /* RefreshLibraryUseCase.swift */ = {isa = PBXFileReference; lastKnownFileType = sourcecode.swift; path = RefreshLibraryUseCase.swift; sourceTree = "<group>"; };
		D773542D2BF699DF00871FE5 /* MangaLibraryProvider.swift */ = {isa = PBXFileReference; lastKnownFileType = sourcecode.swift; path = MangaLibraryProvider.swift; sourceTree = "<group>"; };
		D773542F2BF6A38900871FE5 /* ColorScheme+Color.swift */ = {isa = PBXFileReference; lastKnownFileType = sourcecode.swift; path = "ColorScheme+Color.swift"; sourceTree = "<group>"; };
		D77354312BF6A49600871FE5 /* MangaSearchProvider.swift */ = {isa = PBXFileReference; lastKnownFileType = sourcecode.swift; path = MangaSearchProvider.swift; sourceTree = "<group>"; };
		D77354332BF6B08E00871FE5 /* MangaUpdatesProvider.swift */ = {isa = PBXFileReference; lastKnownFileType = sourcecode.swift; path = MangaUpdatesProvider.swift; sourceTree = "<group>"; };
		D77354362BF6B12100871FE5 /* Formatter.swift */ = {isa = PBXFileReference; lastKnownFileType = sourcecode.swift; path = Formatter.swift; sourceTree = "<group>"; };
		D77354382BF6C52900871FE5 /* MangaChaptersProvider.swift */ = {isa = PBXFileReference; lastKnownFileType = sourcecode.swift; path = MangaChaptersProvider.swift; sourceTree = "<group>"; };
		D773543A2BF6CF8800871FE5 /* MangaDetailsProvider.swift */ = {isa = PBXFileReference; lastKnownFileType = sourcecode.swift; path = MangaDetailsProvider.swift; sourceTree = "<group>"; };
		D773543E2BF6EAD000871FE5 /* NavigatorType.swift */ = {isa = PBXFileReference; lastKnownFileType = sourcecode.swift; path = NavigatorType.swift; sourceTree = "<group>"; };
		D77354402BF6EAEA00871FE5 /* MangaDetailsNavigator.swift */ = {isa = PBXFileReference; lastKnownFileType = sourcecode.swift; path = MangaDetailsNavigator.swift; sourceTree = "<group>"; };
		D77354422BF6ECB500871FE5 /* MangaReaderNavigator.swift */ = {isa = PBXFileReference; lastKnownFileType = sourcecode.swift; path = MangaReaderNavigator.swift; sourceTree = "<group>"; };
		D77354442BF6ED3100871FE5 /* MangaSearchNavigator.swift */ = {isa = PBXFileReference; lastKnownFileType = sourcecode.swift; path = MangaSearchNavigator.swift; sourceTree = "<group>"; };
		D77354482BF76BE200871FE5 /* AppOptionsView.swift */ = {isa = PBXFileReference; lastKnownFileType = sourcecode.swift; path = AppOptionsView.swift; sourceTree = "<group>"; };
		D7736CBD2BBC7CD40081AE98 /* ChapterReaderViewModel.swift */ = {isa = PBXFileReference; lastKnownFileType = sourcecode.swift; path = ChapterReaderViewModel.swift; sourceTree = "<group>"; };
		D7736CC02BBC8B2B0081AE98 /* TransitionPageView.swift */ = {isa = PBXFileReference; lastKnownFileType = sourcecode.swift; path = TransitionPageView.swift; sourceTree = "<group>"; };
		D773B2232BD8681A002CF3AE /* MangaUpdatesViewModel.swift */ = {isa = PBXFileReference; lastKnownFileType = sourcecode.swift; path = MangaUpdatesViewModel.swift; sourceTree = "<group>"; };
		D79382762BD67DD10096ECF7 /* MangaUpdatesView.swift */ = {isa = PBXFileReference; lastKnownFileType = sourcecode.swift; path = MangaUpdatesView.swift; sourceTree = "<group>"; };
		D7A474252BFCE66C004C2970 /* KeyValueManagerType.swift */ = {isa = PBXFileReference; lastKnownFileType = sourcecode.swift; path = KeyValueManagerType.swift; sourceTree = "<group>"; };
		D7A474282BFCE6CC004C2970 /* UserDefaultsManager.swift */ = {isa = PBXFileReference; lastKnownFileType = sourcecode.swift; path = UserDefaultsManager.swift; sourceTree = "<group>"; };
		D7A4742A2BFCE7B1004C2970 /* InMemoryKeyValueManager.swift */ = {isa = PBXFileReference; lastKnownFileType = sourcecode.swift; path = InMemoryKeyValueManager.swift; sourceTree = "<group>"; };
		D7A6F9D82C05D22C00AB2281 /* Router.swift */ = {isa = PBXFileReference; lastKnownFileType = sourcecode.swift; path = Router.swift; sourceTree = "<group>"; };
		D7A6F9DA2C05E8F500AB2281 /* MockSearchDelegate.swift */ = {isa = PBXFileReference; lastKnownFileType = sourcecode.swift; path = MockSearchDelegate.swift; sourceTree = "<group>"; };
		D7A6F9DC2C05E9DA00AB2281 /* MockChaptersDelegate.swift */ = {isa = PBXFileReference; lastKnownFileType = sourcecode.swift; path = MockChaptersDelegate.swift; sourceTree = "<group>"; };
		D7A6F9DE2C05EA5000AB2281 /* MockDetailsDelegate.swift */ = {isa = PBXFileReference; lastKnownFileType = sourcecode.swift; path = MockDetailsDelegate.swift; sourceTree = "<group>"; };
		D7ADA19A2BA066B500A2DB4D /* MangaLibraryView.swift */ = {isa = PBXFileReference; lastKnownFileType = sourcecode.swift; path = MangaLibraryView.swift; sourceTree = "<group>"; };
		D7ADA19C2BA0697E00A2DB4D /* MangaSourcesView.swift */ = {isa = PBXFileReference; lastKnownFileType = sourcecode.swift; path = MangaSourcesView.swift; sourceTree = "<group>"; };
		D7ADA19E2BA0699E00A2DB4D /* MangaSourcesViewModel.swift */ = {isa = PBXFileReference; lastKnownFileType = sourcecode.swift; path = MangaSourcesViewModel.swift; sourceTree = "<group>"; };
		D7CA25562BBBFBDE00237F1D /* ZoomableImageView.swift */ = {isa = PBXFileReference; lastKnownFileType = sourcecode.swift; path = ZoomableImageView.swift; sourceTree = "<group>"; };
		D7F7F53D2BF8BEE2004CD67E /* ValuePicker.swift */ = {isa = PBXFileReference; lastKnownFileType = sourcecode.swift; path = ValuePicker.swift; sourceTree = "<group>"; };
		D7F7F53F2BF8EE34004CD67E /* ThemePalette.swift */ = {isa = PBXFileReference; lastKnownFileType = sourcecode.swift; path = ThemePalette.swift; sourceTree = "<group>"; };
		D7F7F5412BF8EE5F004CD67E /* AppOptionsViewModel.swift */ = {isa = PBXFileReference; lastKnownFileType = sourcecode.swift; path = AppOptionsViewModel.swift; sourceTree = "<group>"; };
		D7F7F5442BF8F001004CD67E /* IconSource.swift */ = {isa = PBXFileReference; lastKnownFileType = sourcecode.swift; path = IconSource.swift; sourceTree = "<group>"; };
		D7F7F5472BF901F5004CD67E /* AppOptionsStore.swift */ = {isa = PBXFileReference; lastKnownFileType = sourcecode.swift; path = AppOptionsStore.swift; sourceTree = "<group>"; };
		D7F7F5492BF9031C004CD67E /* KVMProperty.swift */ = {isa = PBXFileReference; lastKnownFileType = sourcecode.swift; path = KVMProperty.swift; sourceTree = "<group>"; };
/* End PBXFileReference section */

/* Begin PBXFrameworksBuildPhase section */
		1EF815EF2B82163F00D9759F /* Frameworks */ = {
			isa = PBXFrameworksBuildPhase;
			buildActionMask = 2147483647;
			files = (
				1EA9CD672B925CE9000E3086 /* Alamofire in Frameworks */,
				1E1235512B85376A0022652F /* SwiftDate in Frameworks */,
				1EF20A742B92563800D17A65 /* SwiftSoup in Frameworks */,
			);
			runOnlyForDeploymentPostprocessing = 0;
		};
/* End PBXFrameworksBuildPhase section */

/* Begin PBXGroup section */
		1E12352F2B85341A0022652F /* Common */ = {
			isa = PBXGroup;
			children = (
				1E4EE5742B9A06EF0077A54D /* Extensions */,
				1E1235302B8534220022652F /* SystemDateTime */,
				D77354352BF6B11400871FE5 /* Formatter */,
			);
			path = Common;
			sourceTree = "<group>";
		};
		1E1235302B8534220022652F /* SystemDateTime */ = {
			isa = PBXGroup;
			children = (
				1E1235522B853C940022652F /* Date+Helpers.swift */,
				1E1235322B8534570022652F /* StubSystemClock.swift */,
				1E12353B2B8534580022652F /* SystemClock.swift */,
				1E1235352B8534580022652F /* SystemClockType.swift */,
				1E1235382B8534580022652F /* SystemDateTime.swift */,
				1E1235362B8534580022652F /* SystemDateTimeBuilder.swift */,
				1E12353D2B8534580022652F /* SystemDateTimeBuilderType.swift */,
				1E12353A2B8534580022652F /* SystemDateTimeCalculator.swift */,
				1E1235332B8534580022652F /* SystemDateTimeCalculatorType.swift */,
				1E12353C2B8534580022652F /* SystemDateTimeComparator.swift */,
				1E12353F2B8534580022652F /* SystemDateTimeComparatorType.swift */,
				1E1235342B8534580022652F /* SystemDateTimeInterval.swift */,
				1E12353E2B8534580022652F /* SystemDateTimeIntervalType.swift */,
				1E1235392B8534580022652F /* SystemDateTimeRounder.swift */,
				1E1235372B8534580022652F /* SystemDateTimeRounderType.swift */,
				1E1235312B8534570022652F /* SystemDateTimeType.swift */,
			);
			path = SystemDateTime;
			sourceTree = "<group>";
		};
		1E4EE5742B9A06EF0077A54D /* Extensions */ = {
			isa = PBXGroup;
			children = (
				D74B2F192BFBFC6B001737DC /* SwiftUI+Environment.swift */,
				1EF75B902B972ECE00C8E31D /* SwiftUI+Modifiers.swift */,
				1EE89F692B84D87B000CAA20 /* Moc+Extension.swift */,
				1EF20A3D2B8ED3C700D17A65 /* Combine+Extension.swift */,
				1E4EE5752B9A070C0077A54D /* Array+Extension.swift */,
				D7221EAE2B9BE22A00B72F9F /* Data+Extensions.swift */,
			);
			path = Extensions;
			sourceTree = "<group>";
		};
		1E79A4D72B892ADD0075C234 /* Rest */ = {
			isa = PBXGroup;
			children = (
				1E79A4D32B8929D80075C234 /* HttpClient.swift */,
			);
			path = Rest;
			sourceTree = "<group>";
		};
		1EDACD462B83A9E7006FE956 /* App */ = {
			isa = PBXGroup;
			children = (
				1EF815F52B82163F00D9759F /* TachiOSmiApp.swift */,
				1E1235542B853D0E0022652F /* AppEnvironment.swift */,
				1EF815FE2B82164300D9759F /* Persistence.swift */,
				D73466342BC1E156009642E1 /* LaunchScreen.storyboard */,
			);
			path = App;
			sourceTree = "<group>";
		};
		1EE89F542B84CB6F000CAA20 /* Data */ = {
			isa = PBXGroup;
			children = (
				1EF8161A2B83452600D9759F /* DataModel */,
				1EF8161F2B83983300D9759F /* Enum */,
			);
			path = Data;
			sourceTree = "<group>";
		};
		1EE89F552B84CB77000CAA20 /* UI */ = {
			isa = PBXGroup;
			children = (
				D7F7F5432BF8EFF6004CD67E /* Enum */,
				D773543D2BF6EAC400871FE5 /* Navigation */,
				1EF816112B82A81D00D9759F /* ViewModel */,
				1EF816102B82A81400D9759F /* View */,
			);
			path = UI;
			sourceTree = "<group>";
		};
		1EE89F562B84CB94000CAA20 /* Database */ = {
			isa = PBXGroup;
			children = (
				1EE89F682B84D85E000CAA20 /* Entity */,
				D7CA25502BBA389300237F1D /* Crud */,
			);
			path = Database;
			sourceTree = "<group>";
		};
		1EE89F682B84D85E000CAA20 /* Entity */ = {
			isa = PBXGroup;
			children = (
				1EE89F4A2B84C57D000CAA20 /* MangaMO.swift */,
				1EE89F4C2B84C585000CAA20 /* ChapterMO.swift */,
				1EF20A322B8E928E00D17A65 /* CoverMO.swift */,
				1EE89F482B84C519000CAA20 /* AuthorMO.swift */,
				1EE89F522B84C59E000CAA20 /* TagMO.swift */,
			);
			path = Entity;
			sourceTree = "<group>";
		};
		1EF20A472B91209100D17A65 /* Sources */ = {
			isa = PBXGroup;
			children = (
				D7A474212BFCDABD004C2970 /* Search */,
				D7A474222BFCDAD7004C2970 /* Chapters */,
				D7A474232BFCDAF2004C2970 /* Details */,
				D7A474242BFCDB14004C2970 /* Pages */,
				1EF20A672B91720800D17A65 /* MangaSource.swift */,
			);
			path = Sources;
			sourceTree = "<group>";
		};
		1EF815E92B82163F00D9759F = {
			isa = PBXGroup;
			children = (
				1EF815F42B82163F00D9759F /* TachiOSmi */,
				1EF815F32B82163F00D9759F /* Products */,
			);
			sourceTree = "<group>";
		};
		1EF815F32B82163F00D9759F /* Products */ = {
			isa = PBXGroup;
			children = (
				1EF815F22B82163F00D9759F /* TachiOSmi.app */,
			);
			name = Products;
			sourceTree = "<group>";
		};
		1EF815F42B82163F00D9759F /* TachiOSmi */ = {
			isa = PBXGroup;
			children = (
				1EF816082B82167400D9759F /* Resources */,
				1EDACD462B83A9E7006FE956 /* App */,
				1E12352F2B85341A0022652F /* Common */,
				1EF816092B82169200D9759F /* Src */,
			);
			path = TachiOSmi;
			sourceTree = "<group>";
		};
		1EF816082B82167400D9759F /* Resources */ = {
			isa = PBXGroup;
			children = (
				1EF8160A2B8216B100D9759F /* Assets */,
				1EF8160B2B8216B700D9759F /* CoreData */,
			);
			path = Resources;
			sourceTree = "<group>";
		};
		1EF816092B82169200D9759F /* Src */ = {
			isa = PBXGroup;
			children = (
				1EF20A472B91209100D17A65 /* Sources */,
				1EE89F542B84CB6F000CAA20 /* Data */,
				1EF816172B83443400D9759F /* Domain */,
				1EE89F552B84CB77000CAA20 /* UI */,
			);
			path = Src;
			sourceTree = "<group>";
		};
		1EF8160A2B8216B100D9759F /* Assets */ = {
			isa = PBXGroup;
			children = (
				1EF815F92B82164300D9759F /* Assets.xcassets */,
			);
			path = Assets;
			sourceTree = "<group>";
		};
		1EF8160B2B8216B700D9759F /* CoreData */ = {
			isa = PBXGroup;
			children = (
				1EF816002B82164300D9759F /* TachiOSmi.xcdatamodeld */,
			);
			path = CoreData;
			sourceTree = "<group>";
		};
		1EF816102B82A81400D9759F /* View */ = {
			isa = PBXGroup;
			children = (
				D7736CBF2BBC8B1C0081AE98 /* Components */,
				D7A4741D2BFCD98A004C2970 /* Sheets */,
				1EF20A6D2B91E6F000D17A65 /* ContentView.swift */,
				D7ADA19A2BA066B500A2DB4D /* MangaLibraryView.swift */,
				D74C8A8A2BBF1C08001274C4 /* MangaDetailsView.swift */,
				D79382762BD67DD10096ECF7 /* MangaUpdatesView.swift */,
				D7ADA19C2BA0697E00A2DB4D /* MangaSourcesView.swift */,
				D77354482BF76BE200871FE5 /* AppOptionsView.swift */,
				1EF815F72B82163F00D9759F /* MangaSearchView.swift */,
				1EE68A122B896E2D003B9037 /* ChapterReaderView.swift */,
			);
			path = View;
			sourceTree = "<group>";
		};
		1EF816112B82A81D00D9759F /* ViewModel */ = {
			isa = PBXGroup;
			children = (
				1EF816152B82A89B00D9759F /* MangaDetailsViewModel.swift */,
				D773B2232BD8681A002CF3AE /* MangaUpdatesViewModel.swift */,
				D7ADA19E2BA0699E00A2DB4D /* MangaSourcesViewModel.swift */,
				D7F7F5412BF8EE5F004CD67E /* AppOptionsViewModel.swift */,
				1EF8160C2B82468100D9759F /* MangaSearchViewModel.swift */,
				D7736CBD2BBC7CD40081AE98 /* ChapterReaderViewModel.swift */,
			);
			path = ViewModel;
			sourceTree = "<group>";
		};
		1EF816172B83443400D9759F /* Domain */ = {
			isa = PBXGroup;
			children = (
				1EE89F562B84CB94000CAA20 /* Database */,
				1E79A4D72B892ADD0075C234 /* Rest */,
				D74FDDBE2BFA15CB00C99DBE /* Manager */,
				D7F7F5462BF901DE004CD67E /* UserDefaultsStore */,
				D773543C2BF6D19100871FE5 /* Datasource */,
				D773542C2BF699D200871FE5 /* Providers */,
				D74C8A872BBF0169001274C4 /* UseCase */,
			);
			path = Domain;
			sourceTree = "<group>";
		};
		1EF8161A2B83452600D9759F /* DataModel */ = {
			isa = PBXGroup;
			children = (
				1EC8BD3F2B93AEF20017ACF0 /* MangaRepresentables.swift */,
				1EC8BD412B93AFBB0017ACF0 /* ChapterRepresentables.swift */,
				1EF20A2E2B8DF9D500D17A65 /* PageDataModel.swift */,
				1EE89F6F2B84DD65000CAA20 /* AuthorDataModel.swift */,
				1EE89F6D2B84DD48000CAA20 /* TagDataModel.swift */,
			);
			path = DataModel;
			sourceTree = "<group>";
		};
		1EF8161F2B83983300D9759F /* Enum */ = {
			isa = PBXGroup;
			children = (
				1EE89F662B84D33A000CAA20 /* MangaStatus.swift */,
				1EF816202B83983F00D9759F /* DatasourceState.swift */,
				1EC8BD292B92879A0017ACF0 /* MangaSearchType.swift */,
				D7221EAC2B9BD4C400B72F9F /* ReadingDirection.swift */,
				D74B2F102BFA6DA9001737DC /* Result.swift */,
				1EC8BD432B93B5AE0017ACF0 /* Error.swift */,
			);
			path = Enum;
			sourceTree = "<group>";
		};
		D71D2D502BFE9A16000D7E5D /* Items */ = {
			isa = PBXGroup;
			children = (
				D71D2D512BFE9A46000D7E5D /* ChapterEntryView.swift */,
			);
			path = Items;
			sourceTree = "<group>";
		};
		D74B2F122BFA75D6001737DC /* Helpers */ = {
			isa = PBXGroup;
			children = (
				D74B2F132BFA75E7001737DC /* DataToJsonConverter.swift */,
				D74B2F1D2BFC0777001737DC /* JsonToDataConverter.swift */,
			);
			path = Helpers;
			sourceTree = "<group>";
		};
		D74C8A872BBF0169001274C4 /* UseCase */ = {
			isa = PBXGroup;
			children = (
				D74C8A882BBF0184001274C4 /* SortChaptersUseCase.swift */,
				D74C8A852BBF00D7001274C4 /* MissingChaptersUseCase.swift */,
				D773542A2BF68A7600871FE5 /* RefreshLibraryUseCase.swift */,
			);
			path = UseCase;
			sourceTree = "<group>";
		};
		D74FDDBE2BFA15CB00C99DBE /* Manager */ = {
			isa = PBXGroup;
			children = (
				D74B2F122BFA75D6001737DC /* Helpers */,
				D74FDDBF2BFA15E900C99DBE /* DatabaseManager.swift */,
			);
			path = Manager;
			sourceTree = "<group>";
		};
		D773542C2BF699D200871FE5 /* Providers */ = {
			isa = PBXGroup;
			children = (
				D773542D2BF699DF00871FE5 /* MangaLibraryProvider.swift */,
				D77354332BF6B08E00871FE5 /* MangaUpdatesProvider.swift */,
				D773543A2BF6CF8800871FE5 /* MangaDetailsProvider.swift */,
				D77354382BF6C52900871FE5 /* MangaChaptersProvider.swift */,
				D77354312BF6A49600871FE5 /* MangaSearchProvider.swift */,
			);
			path = Providers;
			sourceTree = "<group>";
		};
		D77354352BF6B11400871FE5 /* Formatter */ = {
			isa = PBXGroup;
			children = (
				D77354362BF6B12100871FE5 /* Formatter.swift */,
			);
			path = Formatter;
			sourceTree = "<group>";
		};
		D773543C2BF6D19100871FE5 /* Datasource */ = {
			isa = PBXGroup;
			children = (
				1EF20A592B91308100D17A65 /* DetailsDatasource.swift */,
				1EF20A5E2B91396300D17A65 /* ChaptersDatasource.swift */,
				1EF20A492B9120F100D17A65 /* SearchDatasource.swift */,
				1EF20A632B9141F400D17A65 /* PagesDatasource.swift */,
			);
			path = Datasource;
			sourceTree = "<group>";
		};
		D773543D2BF6EAC400871FE5 /* Navigation */ = {
			isa = PBXGroup;
			children = (
				D7A6F9D82C05D22C00AB2281 /* Router.swift */,
				D773543E2BF6EAD000871FE5 /* NavigatorType.swift */,
				D77354402BF6EAEA00871FE5 /* MangaDetailsNavigator.swift */,
				D77354422BF6ECB500871FE5 /* MangaReaderNavigator.swift */,
				D77354442BF6ED3100871FE5 /* MangaSearchNavigator.swift */,
			);
			path = Navigation;
			sourceTree = "<group>";
		};
		D7736CBF2BBC8B1C0081AE98 /* Components */ = {
			isa = PBXGroup;
			children = (
				D7A4741E2BFCDA3B004C2970 /* Style */,
				D7A4741F2BFCDA42004C2970 /* Generic */,
				D7A474202BFCDA62004C2970 /* Pages */,
				D71D2D502BFE9A16000D7E5D /* Items */,
			);
			path = Components;
			sourceTree = "<group>";
		};
		D7A4741D2BFCD98A004C2970 /* Sheets */ = {
			isa = PBXGroup;
			children = (
				1EF20A362B8EA18D00D17A65 /* ToastView.swift */,
				D74B2F152BFA8D23001737DC /* ShareSheet.swift */,
				D74B2F1B2BFC03A1001737DC /* FilePicker.swift */,
			);
			path = Sheets;
			sourceTree = "<group>";
		};
		D7A4741E2BFCDA3B004C2970 /* Style */ = {
			isa = PBXGroup;
			children = (
				1EE68A202B8C8B6C003B9037 /* Style.swift */,
			);
			path = Style;
			sourceTree = "<group>";
		};
		D7A4741F2BFCDA42004C2970 /* Generic */ = {
			isa = PBXGroup;
			children = (
				1EF8732C2B95B6F7005E59D3 /* CustomBackAction.swift */,
				D7F7F53D2BF8BEE2004CD67E /* ValuePicker.swift */,
				D74FDDC12BFA205E00C99DBE /* PositionObservingView.swift */,
				D74FDDC32BFA217E00C99DBE /* PositionObservingScrollView.swift */,
				D74C8A8C2BC01453001274C4 /* ExpandableTextView.swift */,
			);
			path = Generic;
			sourceTree = "<group>";
		};
		D7A474202BFCDA62004C2970 /* Pages */ = {
			isa = PBXGroup;
			children = (
				1E598D7E2B97772900BDF1B6 /* PageSliderView.swift */,
				D7CA25562BBBFBDE00237F1D /* ZoomableImageView.swift */,
				D7600FBD2BB4DFBE0044C130 /* PageView.swift */,
				D7736CC02BBC8B2B0081AE98 /* TransitionPageView.swift */,
			);
			path = Pages;
			sourceTree = "<group>";
		};
		D7A474212BFCDABD004C2970 /* Search */ = {
			isa = PBXGroup;
			children = (
				1EE89F642B84D237000CAA20 /* MangaParser.swift */,
				1EF20A4D2B91213600D17A65 /* SearchDelegateType.swift */,
				D7A6F9DA2C05E8F500AB2281 /* MockSearchDelegate.swift */,
				1EF20A4B2B91212700D17A65 /* MangadexSearchDelegate.swift */,
				1EC8BD272B92789E0017ACF0 /* ManganeloSearchDelegate.swift */,
			);
			path = Search;
			sourceTree = "<group>";
		};
		D7A474222BFCDAD7004C2970 /* Chapters */ = {
			isa = PBXGroup;
			children = (
				1E12352D2B8524B10022652F /* ChapterParser.swift */,
				D7A6F9DC2C05E9DA00AB2281 /* MockChaptersDelegate.swift */,
				1EF20A5C2B91395A00D17A65 /* ChaptersDelegateType.swift */,
				1EF20A542B91305B00D17A65 /* MangadexChaptersDelegate.swift */,
				1EC8BD342B929D9C0017ACF0 /* ManganeloChaptersDelegate.swift */,
			);
			path = Chapters;
			sourceTree = "<group>";
		};
		D7A474232BFCDAF2004C2970 /* Details */ = {
			isa = PBXGroup;
			children = (
				1EF20A572B91307900D17A65 /* DetailsDelegateType.swift */,
				D7A6F9DE2C05EA5000AB2281 /* MockDetailsDelegate.swift */,
				1EF20A502B912F9300D17A65 /* MangadexDetailsDelegate.swift */,
				1EC8BD322B929D8B0017ACF0 /* ManganeloDetailsDelegate.swift */,
			);
			path = Details;
			sourceTree = "<group>";
		};
		D7A474242BFCDB14004C2970 /* Pages */ = {
			isa = PBXGroup;
			children = (
				1EF20A612B9141E700D17A65 /* PagesDelegateType.swift */,
				1EF20A522B912F9F00D17A65 /* MangadexPagesDelegate.swift */,
				1EC8BD302B929CDD0017ACF0 /* ManganeloPagesDelegate.swift */,
			);
			path = Pages;
			sourceTree = "<group>";
		};
		D7A474272BFCE6AA004C2970 /* KeyValueManager */ = {
			isa = PBXGroup;
			children = (
				D7A474252BFCE66C004C2970 /* KeyValueManagerType.swift */,
				D7A474282BFCE6CC004C2970 /* UserDefaultsManager.swift */,
				D7A4742A2BFCE7B1004C2970 /* InMemoryKeyValueManager.swift */,
				D7F7F5492BF9031C004CD67E /* KVMProperty.swift */,
			);
			path = KeyValueManager;
			sourceTree = "<group>";
		};
		D7CA25502BBA389300237F1D /* Crud */ = {
			isa = PBXGroup;
			children = (
				1EE89F572B84CBBD000CAA20 /* MangaCrud.swift */,
				1EE89F592B84CDC5000CAA20 /* ChapterCrud.swift */,
				1EF20A342B8E931A00D17A65 /* CoverCrud.swift */,
				1EE89F5F2B84D09A000CAA20 /* AuthorCrud.swift */,
				1EE89F612B84D1A7000CAA20 /* TagCrud.swift */,
			);
			path = Crud;
			sourceTree = "<group>";
		};
		D7F7F5432BF8EFF6004CD67E /* Enum */ = {
			isa = PBXGroup;
			children = (
				D7F7F5442BF8F001004CD67E /* IconSource.swift */,
				D7F7F53F2BF8EE34004CD67E /* ThemePalette.swift */,
				D773542F2BF6A38900871FE5 /* ColorScheme+Color.swift */,
			);
			path = Enum;
			sourceTree = "<group>";
		};
		D7F7F5462BF901DE004CD67E /* UserDefaultsStore */ = {
			isa = PBXGroup;
			children = (
				D7A474272BFCE6AA004C2970 /* KeyValueManager */,
				D7F7F5472BF901F5004CD67E /* AppOptionsStore.swift */,
			);
			path = UserDefaultsStore;
			sourceTree = "<group>";
		};
/* End PBXGroup section */

/* Begin PBXNativeTarget section */
		1EF815F12B82163F00D9759F /* TachiOSmi */ = {
			isa = PBXNativeTarget;
			buildConfigurationList = 1EF816052B82164300D9759F /* Build configuration list for PBXNativeTarget "TachiOSmi" */;
			buildPhases = (
				1EF815EE2B82163F00D9759F /* Sources */,
				1EF815EF2B82163F00D9759F /* Frameworks */,
				1EF815F02B82163F00D9759F /* Resources */,
			);
			buildRules = (
			);
			dependencies = (
			);
			name = TachiOSmi;
			packageProductDependencies = (
				1E1235502B85376A0022652F /* SwiftDate */,
				1EF20A732B92563800D17A65 /* SwiftSoup */,
				1EA9CD662B925CE9000E3086 /* Alamofire */,
			);
			productName = TachiOSmi;
			productReference = 1EF815F22B82163F00D9759F /* TachiOSmi.app */;
			productType = "com.apple.product-type.application";
		};
/* End PBXNativeTarget section */

/* Begin PBXProject section */
		1EF815EA2B82163F00D9759F /* Project object */ = {
			isa = PBXProject;
			attributes = {
				BuildIndependentTargetsInParallel = 1;
				LastSwiftUpdateCheck = 1520;
				LastUpgradeCheck = 1520;
				TargetAttributes = {
					1EF815F12B82163F00D9759F = {
						CreatedOnToolsVersion = 15.2;
					};
				};
			};
			buildConfigurationList = 1EF815ED2B82163F00D9759F /* Build configuration list for PBXProject "TachiOSmi" */;
			compatibilityVersion = "Xcode 14.0";
			developmentRegion = en;
			hasScannedForEncodings = 0;
			knownRegions = (
				en,
				Base,
			);
			mainGroup = 1EF815E92B82163F00D9759F;
			packageReferences = (
				1E12354F2B85376A0022652F /* XCRemoteSwiftPackageReference "SwiftDate" */,
				1EF20A722B92563800D17A65 /* XCRemoteSwiftPackageReference "SwiftSoup" */,
				1EA9CD652B925CE9000E3086 /* XCRemoteSwiftPackageReference "Alamofire" */,
			);
			productRefGroup = 1EF815F32B82163F00D9759F /* Products */;
			projectDirPath = "";
			projectRoot = "";
			targets = (
				1EF815F12B82163F00D9759F /* TachiOSmi */,
			);
		};
/* End PBXProject section */

/* Begin PBXResourcesBuildPhase section */
		1EF815F02B82163F00D9759F /* Resources */ = {
			isa = PBXResourcesBuildPhase;
			buildActionMask = 2147483647;
			files = (
				1EF815FA2B82164300D9759F /* Assets.xcassets in Resources */,
				D73466352BC1E156009642E1 /* LaunchScreen.storyboard in Resources */,
			);
			runOnlyForDeploymentPostprocessing = 0;
		};
/* End PBXResourcesBuildPhase section */

/* Begin PBXSourcesBuildPhase section */
		1EF815EE2B82163F00D9759F /* Sources */ = {
			isa = PBXSourcesBuildPhase;
			buildActionMask = 2147483647;
			files = (
				1EE68A212B8C8B6C003B9037 /* Style.swift in Sources */,
				1E12354A2B8534580022652F /* SystemClock.swift in Sources */,
				1EE89F4D2B84C585000CAA20 /* ChapterMO.swift in Sources */,
				1E1235482B8534580022652F /* SystemDateTimeRounder.swift in Sources */,
				1EC8BD402B93AEF20017ACF0 /* MangaRepresentables.swift in Sources */,
				1E4EE5762B9A070C0077A54D /* Array+Extension.swift in Sources */,
				1EF20A4C2B91212700D17A65 /* MangadexSearchDelegate.swift in Sources */,
				D7221EAF2B9BE22A00B72F9F /* Data+Extensions.swift in Sources */,
				1EE89F652B84D237000CAA20 /* MangaParser.swift in Sources */,
				D74B2F112BFA6DA9001737DC /* Result.swift in Sources */,
				D7A6F9DD2C05E9DA00AB2281 /* MockChaptersDelegate.swift in Sources */,
				D77354432BF6ECB500871FE5 /* MangaReaderNavigator.swift in Sources */,
				D77354392BF6C52900871FE5 /* MangaChaptersProvider.swift in Sources */,
				1EF20A552B91305B00D17A65 /* MangadexChaptersDelegate.swift in Sources */,
				1EF816162B82A89B00D9759F /* MangaDetailsViewModel.swift in Sources */,
				1EF20A3E2B8ED3C700D17A65 /* Combine+Extension.swift in Sources */,
				D7CA25572BBBFBDE00237F1D /* ZoomableImageView.swift in Sources */,
				D74B2F162BFA8D23001737DC /* ShareSheet.swift in Sources */,
				D7A6F9DF2C05EA5000AB2281 /* MockDetailsDelegate.swift in Sources */,
				1EF815FF2B82164300D9759F /* Persistence.swift in Sources */,
				1EE89F622B84D1A7000CAA20 /* TagCrud.swift in Sources */,
				1E1235432B8534580022652F /* SystemDateTimeInterval.swift in Sources */,
				1EF20A6E2B91E6F000D17A65 /* ContentView.swift in Sources */,
				1EE89F602B84D09A000CAA20 /* AuthorCrud.swift in Sources */,
				1E1235492B8534580022652F /* SystemDateTimeCalculator.swift in Sources */,
				D7F7F5422BF8EE5F004CD67E /* AppOptionsViewModel.swift in Sources */,
				D7ADA19D2BA0697E00A2DB4D /* MangaSourcesView.swift in Sources */,
				1E1235422B8534580022652F /* SystemDateTimeCalculatorType.swift in Sources */,
				D74C8A892BBF0184001274C4 /* SortChaptersUseCase.swift in Sources */,
				1EC8BD352B929D9C0017ACF0 /* ManganeloChaptersDelegate.swift in Sources */,
				1EF20A332B8E928E00D17A65 /* CoverMO.swift in Sources */,
				1E12354D2B8534580022652F /* SystemDateTimeIntervalType.swift in Sources */,
				1EF20A352B8E931A00D17A65 /* CoverCrud.swift in Sources */,
				D71D2D522BFE9A46000D7E5D /* ChapterEntryView.swift in Sources */,
				D77354492BF76BE200871FE5 /* AppOptionsView.swift in Sources */,
				D74C8A8D2BC01453001274C4 /* ExpandableTextView.swift in Sources */,
				D773542B2BF68A7600871FE5 /* RefreshLibraryUseCase.swift in Sources */,
				1EF20A582B91307900D17A65 /* DetailsDelegateType.swift in Sources */,
				1EF20A372B8EA18D00D17A65 /* ToastView.swift in Sources */,
				1EF8160D2B82468100D9759F /* MangaSearchViewModel.swift in Sources */,
				1E598D7F2B97772900BDF1B6 /* PageSliderView.swift in Sources */,
				D773543B2BF6CF8800871FE5 /* MangaDetailsProvider.swift in Sources */,
				D74FDDC22BFA205E00C99DBE /* PositionObservingView.swift in Sources */,
				1EC8BD422B93AFBB0017ACF0 /* ChapterRepresentables.swift in Sources */,
				D74C8A862BBF00D7001274C4 /* MissingChaptersUseCase.swift in Sources */,
				1E12354B2B8534580022652F /* SystemDateTimeComparator.swift in Sources */,
				1EE68A132B896E2D003B9037 /* ChapterReaderView.swift in Sources */,
				1EF816212B83983F00D9759F /* DatasourceState.swift in Sources */,
				1EE89F4B2B84C57D000CAA20 /* MangaMO.swift in Sources */,
				D7ADA19B2BA066B500A2DB4D /* MangaLibraryView.swift in Sources */,
				D7736CBE2BBC7CD40081AE98 /* ChapterReaderViewModel.swift in Sources */,
				1EE89F672B84D33A000CAA20 /* MangaStatus.swift in Sources */,
				1EF75B912B972ECE00C8E31D /* SwiftUI+Modifiers.swift in Sources */,
				1EF815F82B82163F00D9759F /* MangaSearchView.swift in Sources */,
				D74B2F142BFA75E7001737DC /* DataToJsonConverter.swift in Sources */,
				1EE89F6A2B84D87B000CAA20 /* Moc+Extension.swift in Sources */,
				1E1235402B8534580022652F /* SystemDateTimeType.swift in Sources */,
				D74B2F1E2BFC0777001737DC /* JsonToDataConverter.swift in Sources */,
				1EF20A682B91720800D17A65 /* MangaSource.swift in Sources */,
				1EE89F582B84CBBD000CAA20 /* MangaCrud.swift in Sources */,
				1EC8BD312B929CDD0017ACF0 /* ManganeloPagesDelegate.swift in Sources */,
				1EF20A4A2B9120F100D17A65 /* SearchDatasource.swift in Sources */,
				1EE89F492B84C519000CAA20 /* AuthorMO.swift in Sources */,
				D77354452BF6ED3100871FE5 /* MangaSearchNavigator.swift in Sources */,
				1EF20A642B9141F400D17A65 /* PagesDatasource.swift in Sources */,
				D77354412BF6EAEA00871FE5 /* MangaDetailsNavigator.swift in Sources */,
				1EC8BD282B92789E0017ACF0 /* ManganeloSearchDelegate.swift in Sources */,
				1EE89F702B84DD65000CAA20 /* AuthorDataModel.swift in Sources */,
				D7F7F5482BF901F5004CD67E /* AppOptionsStore.swift in Sources */,
				D77354322BF6A49600871FE5 /* MangaSearchProvider.swift in Sources */,
				1EF8732D2B95B6F7005E59D3 /* CustomBackAction.swift in Sources */,
				D7A474292BFCE6CC004C2970 /* UserDefaultsManager.swift in Sources */,
				1E12352E2B8524B10022652F /* ChapterParser.swift in Sources */,
				1EF20A5F2B91396300D17A65 /* ChaptersDatasource.swift in Sources */,
				D7A6F9DB2C05E8F500AB2281 /* MockSearchDelegate.swift in Sources */,
				D773543F2BF6EAD000871FE5 /* NavigatorType.swift in Sources */,
				D7A474262BFCE66C004C2970 /* KeyValueManagerType.swift in Sources */,
				1EF20A5A2B91308100D17A65 /* DetailsDatasource.swift in Sources */,
				D7600FBE2BB4DFBE0044C130 /* PageView.swift in Sources */,
				D7ADA19F2BA0699E00A2DB4D /* MangaSourcesViewModel.swift in Sources */,
				D773542E2BF699DF00871FE5 /* MangaLibraryProvider.swift in Sources */,
				1E79A4D42B8929D80075C234 /* HttpClient.swift in Sources */,
				D74C8A8B2BBF1C08001274C4 /* MangaDetailsView.swift in Sources */,
				1EF20A622B9141E700D17A65 /* PagesDelegateType.swift in Sources */,
				D7F7F5452BF8F001004CD67E /* IconSource.swift in Sources */,
				D79382772BD67DD10096ECF7 /* MangaUpdatesView.swift in Sources */,
				D77354372BF6B12100871FE5 /* Formatter.swift in Sources */,
				D7F7F5402BF8EE34004CD67E /* ThemePalette.swift in Sources */,
				1E1235472B8534580022652F /* SystemDateTime.swift in Sources */,
				D77354302BF6A38900871FE5 /* ColorScheme+Color.swift in Sources */,
				D74FDDC02BFA15E900C99DBE /* DatabaseManager.swift in Sources */,
				D7F7F53E2BF8BEE2004CD67E /* ValuePicker.swift in Sources */,
				1EF20A4E2B91213600D17A65 /* SearchDelegateType.swift in Sources */,
				D7A4742B2BFCE7B1004C2970 /* InMemoryKeyValueManager.swift in Sources */,
				D74B2F1A2BFBFC6B001737DC /* SwiftUI+Environment.swift in Sources */,
				1E1235532B853C940022652F /* Date+Helpers.swift in Sources */,
				1EE89F6E2B84DD48000CAA20 /* TagDataModel.swift in Sources */,
				1E1235552B853D0E0022652F /* AppEnvironment.swift in Sources */,
				1EF20A5D2B91395A00D17A65 /* ChaptersDelegateType.swift in Sources */,
				1EF20A532B912F9F00D17A65 /* MangadexPagesDelegate.swift in Sources */,
				1EF20A2F2B8DF9D500D17A65 /* PageDataModel.swift in Sources */,
				1EC8BD332B929D8B0017ACF0 /* ManganeloDetailsDelegate.swift in Sources */,
				1EE89F532B84C59E000CAA20 /* TagMO.swift in Sources */,
				1E12354C2B8534580022652F /* SystemDateTimeBuilderType.swift in Sources */,
				1E12354E2B8534580022652F /* SystemDateTimeComparatorType.swift in Sources */,
				D74FDDC42BFA217E00C99DBE /* PositionObservingScrollView.swift in Sources */,
				D7736CC12BBC8B2B0081AE98 /* TransitionPageView.swift in Sources */,
				D7221EAD2B9BD4C400B72F9F /* ReadingDirection.swift in Sources */,
				1EC8BD2A2B92879A0017ACF0 /* MangaSearchType.swift in Sources */,
				D74B2F1C2BFC03A1001737DC /* FilePicker.swift in Sources */,
				D7F7F54A2BF9031C004CD67E /* KVMProperty.swift in Sources */,
				1E1235462B8534580022652F /* SystemDateTimeRounderType.swift in Sources */,
				D77354342BF6B08E00871FE5 /* MangaUpdatesProvider.swift in Sources */,
				1EF815F62B82163F00D9759F /* TachiOSmiApp.swift in Sources */,
				1EF816022B82164300D9759F /* TachiOSmi.xcdatamodeld in Sources */,
				D7A6F9D92C05D22C00AB2281 /* Router.swift in Sources */,
				1EE89F5A2B84CDC5000CAA20 /* ChapterCrud.swift in Sources */,
				1EF20A512B912F9300D17A65 /* MangadexDetailsDelegate.swift in Sources */,
				1E1235442B8534580022652F /* SystemClockType.swift in Sources */,
				1E1235412B8534580022652F /* StubSystemClock.swift in Sources */,
				D773B2242BD8681A002CF3AE /* MangaUpdatesViewModel.swift in Sources */,
				1EC8BD442B93B5AE0017ACF0 /* Error.swift in Sources */,
				1E1235452B8534580022652F /* SystemDateTimeBuilder.swift in Sources */,
			);
			runOnlyForDeploymentPostprocessing = 0;
		};
/* End PBXSourcesBuildPhase section */

/* Begin XCBuildConfiguration section */
		1EF816032B82164300D9759F /* Debug */ = {
			isa = XCBuildConfiguration;
			buildSettings = {
				ALWAYS_SEARCH_USER_PATHS = NO;
				ASSETCATALOG_COMPILER_GENERATE_SWIFT_ASSET_SYMBOL_EXTENSIONS = YES;
				CLANG_ANALYZER_NONNULL = YES;
				CLANG_ANALYZER_NUMBER_OBJECT_CONVERSION = YES_AGGRESSIVE;
				CLANG_CXX_LANGUAGE_STANDARD = "gnu++20";
				CLANG_ENABLE_MODULES = YES;
				CLANG_ENABLE_OBJC_ARC = YES;
				CLANG_ENABLE_OBJC_WEAK = YES;
				CLANG_WARN_BLOCK_CAPTURE_AUTORELEASING = YES;
				CLANG_WARN_BOOL_CONVERSION = YES;
				CLANG_WARN_COMMA = YES;
				CLANG_WARN_CONSTANT_CONVERSION = YES;
				CLANG_WARN_DEPRECATED_OBJC_IMPLEMENTATIONS = YES;
				CLANG_WARN_DIRECT_OBJC_ISA_USAGE = YES_ERROR;
				CLANG_WARN_DOCUMENTATION_COMMENTS = YES;
				CLANG_WARN_EMPTY_BODY = YES;
				CLANG_WARN_ENUM_CONVERSION = YES;
				CLANG_WARN_INFINITE_RECURSION = YES;
				CLANG_WARN_INT_CONVERSION = YES;
				CLANG_WARN_NON_LITERAL_NULL_CONVERSION = YES;
				CLANG_WARN_OBJC_IMPLICIT_RETAIN_SELF = YES;
				CLANG_WARN_OBJC_LITERAL_CONVERSION = YES;
				CLANG_WARN_OBJC_ROOT_CLASS = YES_ERROR;
				CLANG_WARN_QUOTED_INCLUDE_IN_FRAMEWORK_HEADER = YES;
				CLANG_WARN_RANGE_LOOP_ANALYSIS = YES;
				CLANG_WARN_STRICT_PROTOTYPES = YES;
				CLANG_WARN_SUSPICIOUS_MOVE = YES;
				CLANG_WARN_UNGUARDED_AVAILABILITY = YES_AGGRESSIVE;
				CLANG_WARN_UNREACHABLE_CODE = YES;
				CLANG_WARN__DUPLICATE_METHOD_MATCH = YES;
				COPY_PHASE_STRIP = NO;
				DEBUG_INFORMATION_FORMAT = dwarf;
				ENABLE_STRICT_OBJC_MSGSEND = YES;
				ENABLE_TESTABILITY = YES;
				ENABLE_USER_SCRIPT_SANDBOXING = YES;
				GCC_C_LANGUAGE_STANDARD = gnu17;
				GCC_DYNAMIC_NO_PIC = NO;
				GCC_NO_COMMON_BLOCKS = YES;
				GCC_OPTIMIZATION_LEVEL = 0;
				GCC_PREPROCESSOR_DEFINITIONS = (
					"DEBUG=1",
					"$(inherited)",
				);
				GCC_WARN_64_TO_32_BIT_CONVERSION = YES;
				GCC_WARN_ABOUT_RETURN_TYPE = YES_ERROR;
				GCC_WARN_UNDECLARED_SELECTOR = YES;
				GCC_WARN_UNINITIALIZED_AUTOS = YES_AGGRESSIVE;
				GCC_WARN_UNUSED_FUNCTION = YES;
				GCC_WARN_UNUSED_VARIABLE = YES;
				IPHONEOS_DEPLOYMENT_TARGET = 17.0;
				LOCALIZATION_PREFERS_STRING_CATALOGS = YES;
				MTL_ENABLE_DEBUG_INFO = INCLUDE_SOURCE;
				MTL_FAST_MATH = YES;
				ONLY_ACTIVE_ARCH = YES;
				SDKROOT = iphoneos;
				SWIFT_ACTIVE_COMPILATION_CONDITIONS = "DEBUG $(inherited)";
				SWIFT_OPTIMIZATION_LEVEL = "-Onone";
			};
			name = Debug;
		};
		1EF816042B82164300D9759F /* Release */ = {
			isa = XCBuildConfiguration;
			buildSettings = {
				ALWAYS_SEARCH_USER_PATHS = NO;
				ASSETCATALOG_COMPILER_GENERATE_SWIFT_ASSET_SYMBOL_EXTENSIONS = YES;
				CLANG_ANALYZER_NONNULL = YES;
				CLANG_ANALYZER_NUMBER_OBJECT_CONVERSION = YES_AGGRESSIVE;
				CLANG_CXX_LANGUAGE_STANDARD = "gnu++20";
				CLANG_ENABLE_MODULES = YES;
				CLANG_ENABLE_OBJC_ARC = YES;
				CLANG_ENABLE_OBJC_WEAK = YES;
				CLANG_WARN_BLOCK_CAPTURE_AUTORELEASING = YES;
				CLANG_WARN_BOOL_CONVERSION = YES;
				CLANG_WARN_COMMA = YES;
				CLANG_WARN_CONSTANT_CONVERSION = YES;
				CLANG_WARN_DEPRECATED_OBJC_IMPLEMENTATIONS = YES;
				CLANG_WARN_DIRECT_OBJC_ISA_USAGE = YES_ERROR;
				CLANG_WARN_DOCUMENTATION_COMMENTS = YES;
				CLANG_WARN_EMPTY_BODY = YES;
				CLANG_WARN_ENUM_CONVERSION = YES;
				CLANG_WARN_INFINITE_RECURSION = YES;
				CLANG_WARN_INT_CONVERSION = YES;
				CLANG_WARN_NON_LITERAL_NULL_CONVERSION = YES;
				CLANG_WARN_OBJC_IMPLICIT_RETAIN_SELF = YES;
				CLANG_WARN_OBJC_LITERAL_CONVERSION = YES;
				CLANG_WARN_OBJC_ROOT_CLASS = YES_ERROR;
				CLANG_WARN_QUOTED_INCLUDE_IN_FRAMEWORK_HEADER = YES;
				CLANG_WARN_RANGE_LOOP_ANALYSIS = YES;
				CLANG_WARN_STRICT_PROTOTYPES = YES;
				CLANG_WARN_SUSPICIOUS_MOVE = YES;
				CLANG_WARN_UNGUARDED_AVAILABILITY = YES_AGGRESSIVE;
				CLANG_WARN_UNREACHABLE_CODE = YES;
				CLANG_WARN__DUPLICATE_METHOD_MATCH = YES;
				COPY_PHASE_STRIP = NO;
				DEBUG_INFORMATION_FORMAT = "dwarf-with-dsym";
				ENABLE_NS_ASSERTIONS = NO;
				ENABLE_STRICT_OBJC_MSGSEND = YES;
				ENABLE_USER_SCRIPT_SANDBOXING = YES;
				GCC_C_LANGUAGE_STANDARD = gnu17;
				GCC_NO_COMMON_BLOCKS = YES;
				GCC_WARN_64_TO_32_BIT_CONVERSION = YES;
				GCC_WARN_ABOUT_RETURN_TYPE = YES_ERROR;
				GCC_WARN_UNDECLARED_SELECTOR = YES;
				GCC_WARN_UNINITIALIZED_AUTOS = YES_AGGRESSIVE;
				GCC_WARN_UNUSED_FUNCTION = YES;
				GCC_WARN_UNUSED_VARIABLE = YES;
				IPHONEOS_DEPLOYMENT_TARGET = 17.0;
				LOCALIZATION_PREFERS_STRING_CATALOGS = YES;
				MTL_ENABLE_DEBUG_INFO = NO;
				MTL_FAST_MATH = YES;
				SDKROOT = iphoneos;
				SWIFT_COMPILATION_MODE = wholemodule;
				VALIDATE_PRODUCT = YES;
			};
			name = Release;
		};
		1EF816062B82164300D9759F /* Debug */ = {
			isa = XCBuildConfiguration;
			buildSettings = {
				ASSETCATALOG_COMPILER_APPICON_NAME = AppIcon;
				ASSETCATALOG_COMPILER_GLOBAL_ACCENT_COLOR_NAME = AccentColor;
				CODE_SIGN_STYLE = Automatic;
				CURRENT_PROJECT_VERSION = 1;
				DEVELOPMENT_ASSET_PATHS = "";
				DEVELOPMENT_TEAM = H955TB7NVX;
				ENABLE_PREVIEWS = YES;
				GENERATE_INFOPLIST_FILE = YES;
				INFOPLIST_KEY_UIApplicationSceneManifest_Generation = YES;
				INFOPLIST_KEY_UIApplicationSupportsIndirectInputEvents = YES;
				INFOPLIST_KEY_UILaunchScreen_Generation = YES;
				INFOPLIST_KEY_UILaunchStoryboardName = LaunchScreen.storyboard;
				INFOPLIST_KEY_UIStatusBarStyle = "";
				INFOPLIST_KEY_UISupportedInterfaceOrientations = UIInterfaceOrientationPortrait;
				INFOPLIST_KEY_UISupportedInterfaceOrientations_iPad = "UIInterfaceOrientationPortrait UIInterfaceOrientationPortraitUpsideDown";
				IPHONEOS_DEPLOYMENT_TARGET = 17;
				LD_RUNPATH_SEARCH_PATHS = (
					"$(inherited)",
					"@executable_path/Frameworks",
				);
				MARKETING_VERSION = 1.0;
				PRODUCT_BUNDLE_IDENTIFIER = Moguizan.TachiOSmi;
				PRODUCT_NAME = "$(TARGET_NAME)";
				SUPPORTED_PLATFORMS = "iphoneos iphonesimulator";
				SUPPORTS_MACCATALYST = NO;
				SUPPORTS_MAC_DESIGNED_FOR_IPHONE_IPAD = NO;
				SUPPORTS_XR_DESIGNED_FOR_IPHONE_IPAD = NO;
				SWIFT_EMIT_LOC_STRINGS = YES;
				SWIFT_VERSION = 5.0;
				TARGETED_DEVICE_FAMILY = "1,2";
			};
			name = Debug;
		};
		1EF816072B82164300D9759F /* Release */ = {
			isa = XCBuildConfiguration;
			buildSettings = {
				ASSETCATALOG_COMPILER_APPICON_NAME = AppIcon;
				ASSETCATALOG_COMPILER_GLOBAL_ACCENT_COLOR_NAME = AccentColor;
				CODE_SIGN_STYLE = Automatic;
				CURRENT_PROJECT_VERSION = 1;
				DEVELOPMENT_ASSET_PATHS = "";
				DEVELOPMENT_TEAM = H955TB7NVX;
				ENABLE_PREVIEWS = YES;
				GENERATE_INFOPLIST_FILE = YES;
				INFOPLIST_KEY_UIApplicationSceneManifest_Generation = YES;
				INFOPLIST_KEY_UIApplicationSupportsIndirectInputEvents = YES;
				INFOPLIST_KEY_UILaunchScreen_Generation = YES;
				INFOPLIST_KEY_UILaunchStoryboardName = LaunchScreen.storyboard;
				INFOPLIST_KEY_UIStatusBarStyle = "";
				INFOPLIST_KEY_UISupportedInterfaceOrientations = UIInterfaceOrientationPortrait;
				INFOPLIST_KEY_UISupportedInterfaceOrientations_iPad = "UIInterfaceOrientationPortrait UIInterfaceOrientationPortraitUpsideDown";
				IPHONEOS_DEPLOYMENT_TARGET = 17;
				LD_RUNPATH_SEARCH_PATHS = (
					"$(inherited)",
					"@executable_path/Frameworks",
				);
				MARKETING_VERSION = 1.0;
				PRODUCT_BUNDLE_IDENTIFIER = Moguizan.TachiOSmi;
				PRODUCT_NAME = "$(TARGET_NAME)";
				SUPPORTED_PLATFORMS = "iphoneos iphonesimulator";
				SUPPORTS_MACCATALYST = NO;
				SUPPORTS_MAC_DESIGNED_FOR_IPHONE_IPAD = NO;
				SUPPORTS_XR_DESIGNED_FOR_IPHONE_IPAD = NO;
				SWIFT_EMIT_LOC_STRINGS = YES;
				SWIFT_VERSION = 5.0;
				TARGETED_DEVICE_FAMILY = "1,2";
			};
			name = Release;
		};
/* End XCBuildConfiguration section */

/* Begin XCConfigurationList section */
		1EF815ED2B82163F00D9759F /* Build configuration list for PBXProject "TachiOSmi" */ = {
			isa = XCConfigurationList;
			buildConfigurations = (
				1EF816032B82164300D9759F /* Debug */,
				1EF816042B82164300D9759F /* Release */,
			);
			defaultConfigurationIsVisible = 0;
			defaultConfigurationName = Release;
		};
		1EF816052B82164300D9759F /* Build configuration list for PBXNativeTarget "TachiOSmi" */ = {
			isa = XCConfigurationList;
			buildConfigurations = (
				1EF816062B82164300D9759F /* Debug */,
				1EF816072B82164300D9759F /* Release */,
			);
			defaultConfigurationIsVisible = 0;
			defaultConfigurationName = Release;
		};
/* End XCConfigurationList section */

/* Begin XCRemoteSwiftPackageReference section */
		1E12354F2B85376A0022652F /* XCRemoteSwiftPackageReference "SwiftDate" */ = {
			isa = XCRemoteSwiftPackageReference;
			repositoryURL = "https://github.com/malcommac/SwiftDate.git";
			requirement = {
				kind = upToNextMajorVersion;
				minimumVersion = 7.0.0;
			};
		};
		1EA9CD652B925CE9000E3086 /* XCRemoteSwiftPackageReference "Alamofire" */ = {
			isa = XCRemoteSwiftPackageReference;
			repositoryURL = "https://github.com/Alamofire/Alamofire.git";
			requirement = {
				kind = upToNextMajorVersion;
				minimumVersion = 5.8.1;
			};
		};
		1EF20A722B92563800D17A65 /* XCRemoteSwiftPackageReference "SwiftSoup" */ = {
			isa = XCRemoteSwiftPackageReference;
			repositoryURL = "https://github.com/scinfu/SwiftSoup.git";
			requirement = {
				kind = upToNextMajorVersion;
				minimumVersion = 2.7.1;
			};
		};
/* End XCRemoteSwiftPackageReference section */

/* Begin XCSwiftPackageProductDependency section */
		1E1235502B85376A0022652F /* SwiftDate */ = {
			isa = XCSwiftPackageProductDependency;
			package = 1E12354F2B85376A0022652F /* XCRemoteSwiftPackageReference "SwiftDate" */;
			productName = SwiftDate;
		};
		1EA9CD662B925CE9000E3086 /* Alamofire */ = {
			isa = XCSwiftPackageProductDependency;
			package = 1EA9CD652B925CE9000E3086 /* XCRemoteSwiftPackageReference "Alamofire" */;
			productName = Alamofire;
		};
		1EF20A732B92563800D17A65 /* SwiftSoup */ = {
			isa = XCSwiftPackageProductDependency;
			package = 1EF20A722B92563800D17A65 /* XCRemoteSwiftPackageReference "SwiftSoup" */;
			productName = SwiftSoup;
		};
/* End XCSwiftPackageProductDependency section */

/* Begin XCVersionGroup section */
		1EF816002B82164300D9759F /* TachiOSmi.xcdatamodeld */ = {
			isa = XCVersionGroup;
			children = (
				1EF816012B82164300D9759F /* TachiOSmi.xcdatamodel */,
			);
			currentVersion = 1EF816012B82164300D9759F /* TachiOSmi.xcdatamodel */;
			path = TachiOSmi.xcdatamodeld;
			sourceTree = "<group>";
			versionGroupType = wrapper.xcdatamodel;
		};
/* End XCVersionGroup section */
	};
	rootObject = 1EF815EA2B82163F00D9759F /* Project object */;
}
